// !$*UTF8*$!
{
	archiveVersion = 1;
	classes = {
	};
	objectVersion = 46;
	objects = {

/* Begin PBXBuildFile section */
		5EE85B6C1DA45F8F0049EACE /* MapKit.framework in Frameworks */ = {isa = PBXBuildFile; fileRef = 5EE85B6B1DA45F8F0049EACE /* MapKit.framework */; };
		EF07303A22D28B2400973DE1 /* settings.plist in Resources */ = {isa = PBXBuildFile; fileRef = EF072F5F22D28B2400973DE1 /* settings.plist */; };
		EF07303B22D28B2400973DE1 /* hello.json in Resources */ = {isa = PBXBuildFile; fileRef = EF072F6022D28B2400973DE1 /* hello.json */; };
		EF07303C22D28B2400973DE1 /* Media.xcassets in Resources */ = {isa = PBXBuildFile; fileRef = EF072F6222D28B2400973DE1 /* Media.xcassets */; };
		EF07303D22D28B2400973DE1 /* LaunchScreen.storyboard in Resources */ = {isa = PBXBuildFile; fileRef = EF072F6322D28B2400973DE1 /* LaunchScreen.storyboard */; };
		EF07303E22D28B2400973DE1 /* main.m in Sources */ = {isa = PBXBuildFile; fileRef = EF072F6722D28B2400973DE1 /* main.m */; };
		EF07303F22D28B2400973DE1 /* AppDelegate.m in Sources */ = {isa = PBXBuildFile; fileRef = EF072F6822D28B2400973DE1 /* AppDelegate.m */; };
		EF07304122D28B2400973DE1 /* JasonLogger.m in Sources */ = {isa = PBXBuildFile; fileRef = EF072F6D22D28B2400973DE1 /* JasonLogger.m */; };
		EF07304222D28B2400973DE1 /* README.md in Resources */ = {isa = PBXBuildFile; fileRef = EF072F6E22D28B2400973DE1 /* README.md */; };
		EF07304322D28B2400973DE1 /* JasonMemory.m in Sources */ = {isa = PBXBuildFile; fileRef = EF072F7122D28B2400973DE1 /* JasonMemory.m */; };
		EF07304422D28B2400973DE1 /* JASONResponseSerializer.m in Sources */ = {isa = PBXBuildFile; fileRef = EF072F7522D28B2400973DE1 /* JASONResponseSerializer.m */; };
		EF07304522D28B2400973DE1 /* JasonNetworking.m in Sources */ = {isa = PBXBuildFile; fileRef = EF072F7822D28B2400973DE1 /* JasonNetworking.m */; };
		EF07304622D28B2400973DE1 /* JasonParser.m in Sources */ = {isa = PBXBuildFile; fileRef = EF072F7B22D28B2400973DE1 /* JasonParser.m */; };
		EF07304722D28B2400973DE1 /* JasonComponent.m in Sources */ = {isa = PBXBuildFile; fileRef = EF072F7E22D28B2400973DE1 /* JasonComponent.m */; };
		EF07304822D28B2400973DE1 /* UIView+JasonComponentPayload.m in Sources */ = {isa = PBXBuildFile; fileRef = EF072F8122D28B2400973DE1 /* UIView+JasonComponentPayload.m */; };
		EF07304922D28B2400973DE1 /* JasonComponentFactory.m in Sources */ = {isa = PBXBuildFile; fileRef = EF072F8622D28B2400973DE1 /* JasonComponentFactory.m */; };
		EF07304A22D28B2400973DE1 /* JasonAction.m in Sources */ = {isa = PBXBuildFile; fileRef = EF072F8A22D28B2400973DE1 /* JasonAction.m */; };
		EF07304B22D28B2400973DE1 /* Jason.m in Sources */ = {isa = PBXBuildFile; fileRef = EF072F8D22D28B2400973DE1 /* Jason.m */; };
		EF07304C22D28B2400973DE1 /* JasonAppDelegate.m in Sources */ = {isa = PBXBuildFile; fileRef = EF072F9122D28B2400973DE1 /* JasonAppDelegate.m */; };
		EF07304D22D28B2400973DE1 /* JasonStack.m in Sources */ = {isa = PBXBuildFile; fileRef = EF072F9422D28B2400973DE1 /* JasonStack.m */; };
		EF07304E22D28B2400973DE1 /* JasonViewController.m in Sources */ = {isa = PBXBuildFile; fileRef = EF072F9622D28B2400973DE1 /* JasonViewController.m */; };
		EF07304F22D28B2400973DE1 /* UIBarButtonItem+Badge.m in Sources */ = {isa = PBXBuildFile; fileRef = EF072F9922D28B2400973DE1 /* UIBarButtonItem+Badge.m */; };
		EF07305022D28B2400973DE1 /* placeholder@2x.png in Resources */ = {isa = PBXBuildFile; fileRef = EF072F9D22D28B2400973DE1 /* placeholder@2x.png */; };
		EF07305122D28B2400973DE1 /* placeholderr@2x.png in Resources */ = {isa = PBXBuildFile; fileRef = EF072F9E22D28B2400973DE1 /* placeholderr@2x.png */; };
		EF07305222D28B2400973DE1 /* icon-info@2x.png in Resources */ = {isa = PBXBuildFile; fileRef = EF072F9F22D28B2400973DE1 /* icon-info@2x.png */; };
		EF07305322D28B2400973DE1 /* icon-error.png in Resources */ = {isa = PBXBuildFile; fileRef = EF072FA022D28B2400973DE1 /* icon-error.png */; };
		EF07305422D28B2400973DE1 /* icon-info.png in Resources */ = {isa = PBXBuildFile; fileRef = EF072FA122D28B2400973DE1 /* icon-info.png */; };
		EF07305522D28B2400973DE1 /* more@2x.png in Resources */ = {isa = PBXBuildFile; fileRef = EF072FA222D28B2400973DE1 /* more@2x.png */; };
		EF07305622D28B2400973DE1 /* Next@2x.png in Resources */ = {isa = PBXBuildFile; fileRef = EF072FA322D28B2400973DE1 /* Next@2x.png */; };
		EF07305722D28B2400973DE1 /* icon-success@2x.png in Resources */ = {isa = PBXBuildFile; fileRef = EF072FA422D28B2400973DE1 /* icon-success@2x.png */; };
		EF07305822D28B2400973DE1 /* icon-error@2x.png in Resources */ = {isa = PBXBuildFile; fileRef = EF072FA522D28B2400973DE1 /* icon-error@2x.png */; };
		EF07305922D28B2400973DE1 /* icon-success.png in Resources */ = {isa = PBXBuildFile; fileRef = EF072FA622D28B2400973DE1 /* icon-success.png */; };
		EF07305A22D28B2400973DE1 /* st.js in Resources */ = {isa = PBXBuildFile; fileRef = EF072FA822D28B2400973DE1 /* st.js */; };
		EF07305B22D28B2400973DE1 /* rss.js in Resources */ = {isa = PBXBuildFile; fileRef = EF072FA922D28B2400973DE1 /* rss.js */; };
		EF07305C22D28B2400973DE1 /* xhtml.js in Resources */ = {isa = PBXBuildFile; fileRef = EF072FAA22D28B2400973DE1 /* xhtml.js */; };
		EF07305D22D28B2400973DE1 /* csv.js in Resources */ = {isa = PBXBuildFile; fileRef = EF072FAB22D28B2400973DE1 /* csv.js */; };
		EF07305E22D28B2400973DE1 /* agent.js in Resources */ = {isa = PBXBuildFile; fileRef = EF072FAC22D28B2400973DE1 /* agent.js */; };
		EF07305F22D28B2400973DE1 /* error.json in Resources */ = {isa = PBXBuildFile; fileRef = EF072FAE22D28B2400973DE1 /* error.json */; };
		EF07306022D28B2400973DE1 /* preload.json in Resources */ = {isa = PBXBuildFile; fileRef = EF072FAF22D28B2400973DE1 /* preload.json */; };
		EF07306122D28B2400973DE1 /* JasonHelper.m in Sources */ = {isa = PBXBuildFile; fileRef = EF072FB322D28B2400973DE1 /* JasonHelper.m */; };
		EF07306222D28B2400973DE1 /* JasonNSClassFromString.m in Sources */ = {isa = PBXBuildFile; fileRef = EF072FB622D28B2400973DE1 /* JasonNSClassFromString.m */; };
		EF07306322D28B2400973DE1 /* JasonOptionHelper.m in Sources */ = {isa = PBXBuildFile; fileRef = EF072FB922D28B2400973DE1 /* JasonOptionHelper.m */; };
		EF07306422D28B2400973DE1 /* NSObject+JSONPayload.m in Sources */ = {isa = PBXBuildFile; fileRef = EF072FBA22D28B2400973DE1 /* NSObject+JSONPayload.m */; };
		EF07306522D28B2400973DE1 /* JasonLabelComponent.m in Sources */ = {isa = PBXBuildFile; fileRef = EF072FBE22D28B2400973DE1 /* JasonLabelComponent.m */; };
		EF07306622D28B2400973DE1 /* JasonTextfieldComponent.m in Sources */ = {isa = PBXBuildFile; fileRef = EF072FC022D28B2400973DE1 /* JasonTextfieldComponent.m */; };
		EF07306722D28B2400973DE1 /* JasonSliderComponent.m in Sources */ = {isa = PBXBuildFile; fileRef = EF072FC322D28B2400973DE1 /* JasonSliderComponent.m */; };
		EF07306822D28B2400973DE1 /* JasonHtmlComponent.m in Sources */ = {isa = PBXBuildFile; fileRef = EF072FC622D28B2400973DE1 /* JasonHtmlComponent.m */; };
		EF07306922D28B2400973DE1 /* JasonImageComponent.m in Sources */ = {isa = PBXBuildFile; fileRef = EF072FCA22D28B2400973DE1 /* JasonImageComponent.m */; };
		EF07306A22D28B2400973DE1 /* JasonMapComponent.m in Sources */ = {isa = PBXBuildFile; fileRef = EF072FCD22D28B2400973DE1 /* JasonMapComponent.m */; };
		EF07306B22D28B2400973DE1 /* JasonTextareaComponent.m in Sources */ = {isa = PBXBuildFile; fileRef = EF072FCF22D28B2400973DE1 /* JasonTextareaComponent.m */; };
		EF07306C22D28B2400973DE1 /* JasonButtonComponent.m in Sources */ = {isa = PBXBuildFile; fileRef = EF072FD322D28B2400973DE1 /* JasonButtonComponent.m */; };
		EF07306D22D28B2400973DE1 /* NoPaddingButton.m in Sources */ = {isa = PBXBuildFile; fileRef = EF072FD422D28B2400973DE1 /* NoPaddingButton.m */; };
		EF07306E22D28B2400973DE1 /* JasonSwitchComponent.m in Sources */ = {isa = PBXBuildFile; fileRef = EF072FD822D28B2400973DE1 /* JasonSwitchComponent.m */; };
		EF07306F22D28B2400973DE1 /* JasonSpaceComponent.m in Sources */ = {isa = PBXBuildFile; fileRef = EF072FDA22D28B2400973DE1 /* JasonSpaceComponent.m */; };
		EF07307022D28B2400973DE1 /* JasonGeoAction.m in Sources */ = {isa = PBXBuildFile; fileRef = EF072FDE22D28B2400973DE1 /* JasonGeoAction.m */; };
		EF07307122D28B2400973DE1 /* JasonGlobalAction.m in Sources */ = {isa = PBXBuildFile; fileRef = EF072FE222D28B2400973DE1 /* JasonGlobalAction.m */; };
		EF07307222D28B2400973DE1 /* JasonAudioAction.m in Sources */ = {isa = PBXBuildFile; fileRef = EF072FE522D28B2400973DE1 /* JasonAudioAction.m */; };
		EF07307322D28B2400973DE1 /* JasonNetworkAction.m in Sources */ = {isa = PBXBuildFile; fileRef = EF072FE822D28B2400973DE1 /* JasonNetworkAction.m */; };
		EF07307422D28B2400973DE1 /* JasonPushAction.m in Sources */ = {isa = PBXBuildFile; fileRef = EF072FEB22D28B2400973DE1 /* JasonPushAction.m */; };
		EF07307522D28B2400973DE1 /* JasonWebsocketAction.m in Sources */ = {isa = PBXBuildFile; fileRef = EF072FED22D28B2400973DE1 /* JasonWebsocketAction.m */; };
		EF07307622D28B2400973DE1 /* JasonPortraitPicker.m in Sources */ = {isa = PBXBuildFile; fileRef = EF072FF122D28B2400973DE1 /* JasonPortraitPicker.m */; };
		EF07307722D28B2400973DE1 /* JasonMediaAction.m in Sources */ = {isa = PBXBuildFile; fileRef = EF072FF422D28B2400973DE1 /* JasonMediaAction.m */; };
		EF07307822D28B2400973DE1 /* JasonUtilAction.m in Sources */ = {isa = PBXBuildFile; fileRef = EF072FF722D28B2400973DE1 /* JasonUtilAction.m */; };
		EF07307922D28B2400973DE1 /* JasonReturnAction.m in Sources */ = {isa = PBXBuildFile; fileRef = EF072FF922D28B2400973DE1 /* JasonReturnAction.m */; };
		EF07307A22D28B2400973DE1 /* JasonConvertAction.m in Sources */ = {isa = PBXBuildFile; fileRef = EF072FFC22D28B2400973DE1 /* JasonConvertAction.m */; };
		EF07307B22D28B2400973DE1 /* JasonSessionAction.m in Sources */ = {isa = PBXBuildFile; fileRef = EF072FFF22D28B2400973DE1 /* JasonSessionAction.m */; };
		EF07307C22D28B2400973DE1 /* JasonScriptAction.m in Sources */ = {isa = PBXBuildFile; fileRef = EF07300222D28B2400973DE1 /* JasonScriptAction.m */; };
		EF07307D22D28B2400973DE1 /* JasonVisionAction.m in Sources */ = {isa = PBXBuildFile; fileRef = EF07300622D28B2400973DE1 /* JasonVisionAction.m */; };
		EF07307E22D28B2400973DE1 /* JasonCacheAction.m in Sources */ = {isa = PBXBuildFile; fileRef = EF07300822D28B2400973DE1 /* JasonCacheAction.m */; };
		EF07307F22D28B2400973DE1 /* JasonOauthAction.m in Sources */ = {isa = PBXBuildFile; fileRef = EF07300C22D28B2400973DE1 /* JasonOauthAction.m */; };
		EF07308022D28B2400973DE1 /* JasonNotificationAction.m in Sources */ = {isa = PBXBuildFile; fileRef = EF07300F22D28B2400973DE1 /* JasonNotificationAction.m */; };
		EF07308122D28B2400973DE1 /* JasonTimerAction.m in Sources */ = {isa = PBXBuildFile; fileRef = EF07301122D28B2400973DE1 /* JasonTimerAction.m */; };
		EF07308222D28B2400973DE1 /* JasonLogAction.m in Sources */ = {isa = PBXBuildFile; fileRef = EF07301422D28B2400973DE1 /* JasonLogAction.m */; };
		EF07308322D28B2400973DE1 /* JasonAgentAction.m in Sources */ = {isa = PBXBuildFile; fileRef = EF07301822D28B2400973DE1 /* JasonAgentAction.m */; };
		EF07308422D28B2400973DE1 /* JasonHorizontalSection.xib in Resources */ = {isa = PBXBuildFile; fileRef = EF07301B22D28B2400973DE1 /* JasonHorizontalSection.xib */; };
		EF07308522D28B2400973DE1 /* JasonHorizontalSection.m in Sources */ = {isa = PBXBuildFile; fileRef = EF07301C22D28B2400973DE1 /* JasonHorizontalSection.m */; };
		EF07308622D28B2400973DE1 /* JasonHorizontalSectionItem.m in Sources */ = {isa = PBXBuildFile; fileRef = EF07301E22D28B2400973DE1 /* JasonHorizontalSectionItem.m */; };
		EF07308722D28B2400973DE1 /* JasonHorizontalSectionItem.xib in Resources */ = {isa = PBXBuildFile; fileRef = EF07302022D28B2400973DE1 /* JasonHorizontalSectionItem.xib */; };
		EF07308822D28B2400973DE1 /* JasonLayout.m in Sources */ = {isa = PBXBuildFile; fileRef = EF07302322D28B2400973DE1 /* JasonLayout.m */; };
		EF07308922D28B2400973DE1 /* JasonLayer.m in Sources */ = {isa = PBXBuildFile; fileRef = EF07302622D28B2400973DE1 /* JasonLayer.m */; };
		EF07308A22D28B2400973DE1 /* JasonVerticalSectionItem.xib in Resources */ = {isa = PBXBuildFile; fileRef = EF07302B22D28B2400973DE1 /* JasonVerticalSectionItem.xib */; };
		EF07308B22D28B2400973DE1 /* JasonVerticalSectionItem.m in Sources */ = {isa = PBXBuildFile; fileRef = EF07302C22D28B2400973DE1 /* JasonVerticalSectionItem.m */; };
		EF07308C22D28B2400973DE1 /* JasonPushService.m in Sources */ = {isa = PBXBuildFile; fileRef = EF07303022D28B2400973DE1 /* JasonPushService.m */; };
		EF07308D22D28B2400973DE1 /* JasonWebsocketService.m in Sources */ = {isa = PBXBuildFile; fileRef = EF07303322D28B2400973DE1 /* JasonWebsocketService.m */; };
		EF07308E22D28B2400973DE1 /* JasonVisionService.m in Sources */ = {isa = PBXBuildFile; fileRef = EF07303522D28B2400973DE1 /* JasonVisionService.m */; };
		EF07308F22D28B2400973DE1 /* JasonAgentService.m in Sources */ = {isa = PBXBuildFile; fileRef = EF07303822D28B2400973DE1 /* JasonAgentService.m */; };
		EF82979B22D30A71003ED64B /* jr.sample.json in Resources */ = {isa = PBXBuildFile; fileRef = EF82979922D30A71003ED64B /* jr.sample.json */; };
		EF82979C22D30A71003ED64B /* README.md in Resources */ = {isa = PBXBuildFile; fileRef = EF82979A22D30A71003ED64B /* README.md */; };
		F9283F33AA628489204A4867 /* Pods_Jasonette.framework in Frameworks */ = {isa = PBXBuildFile; fileRef = 2F0FCC971E030AF932E421D4 /* Pods_Jasonette.framework */; };
/* End PBXBuildFile section */

/* Begin PBXFileReference section */
		1BD8E8486EE7AF4E4934685E /* Pods-Jasonette.release.xcconfig */ = {isa = PBXFileReference; includeInIndex = 1; lastKnownFileType = text.xcconfig; name = "Pods-Jasonette.release.xcconfig"; path = "Pods/Target Support Files/Pods-Jasonette/Pods-Jasonette.release.xcconfig"; sourceTree = "<group>"; };
		2F0FCC971E030AF932E421D4 /* Pods_Jasonette.framework */ = {isa = PBXFileReference; explicitFileType = wrapper.framework; includeInIndex = 0; path = Pods_Jasonette.framework; sourceTree = BUILT_PRODUCTS_DIR; };
		5E3176591D1E400C00D87778 /* Jasonette.app */ = {isa = PBXFileReference; explicitFileType = wrapper.application; includeInIndex = 0; path = Jasonette.app; sourceTree = BUILT_PRODUCTS_DIR; };
		5EE85B6B1DA45F8F0049EACE /* MapKit.framework */ = {isa = PBXFileReference; lastKnownFileType = wrapper.framework; name = MapKit.framework; path = System/Library/Frameworks/MapKit.framework; sourceTree = SDKROOT; };
		5EE85B7A1DA595A20049EACE /* UIKit.framework */ = {isa = PBXFileReference; lastKnownFileType = wrapper.framework; name = UIKit.framework; path = System/Library/Frameworks/UIKit.framework; sourceTree = SDKROOT; };
		BEB1DF488FABA35A255BC8E4 /* Pods-Jasonette.debug.xcconfig */ = {isa = PBXFileReference; includeInIndex = 1; lastKnownFileType = text.xcconfig; name = "Pods-Jasonette.debug.xcconfig"; path = "Pods/Target Support Files/Pods-Jasonette/Pods-Jasonette.debug.xcconfig"; sourceTree = "<group>"; };
		EF072F5F22D28B2400973DE1 /* settings.plist */ = {isa = PBXFileReference; fileEncoding = 4; lastKnownFileType = text.plist.xml; path = settings.plist; sourceTree = "<group>"; };
		EF072F6022D28B2400973DE1 /* hello.json */ = {isa = PBXFileReference; fileEncoding = 4; lastKnownFileType = text.json; path = hello.json; sourceTree = "<group>"; };
		EF072F6222D28B2400973DE1 /* Media.xcassets */ = {isa = PBXFileReference; lastKnownFileType = folder.assetcatalog; path = Media.xcassets; sourceTree = "<group>"; };
		EF072F6322D28B2400973DE1 /* LaunchScreen.storyboard */ = {isa = PBXFileReference; fileEncoding = 4; lastKnownFileType = file.storyboard; path = LaunchScreen.storyboard; sourceTree = "<group>"; };
		EF072F6422D28B2400973DE1 /* Constants.h */ = {isa = PBXFileReference; fileEncoding = 4; lastKnownFileType = sourcecode.c.h; path = Constants.h; sourceTree = "<group>"; };
		EF072F6622D28B2400973DE1 /* AppDelegate.h */ = {isa = PBXFileReference; fileEncoding = 4; lastKnownFileType = sourcecode.c.h; path = AppDelegate.h; sourceTree = "<group>"; };
		EF072F6722D28B2400973DE1 /* main.m */ = {isa = PBXFileReference; fileEncoding = 4; lastKnownFileType = sourcecode.c.objc; path = main.m; sourceTree = "<group>"; };
		EF072F6822D28B2400973DE1 /* AppDelegate.m */ = {isa = PBXFileReference; fileEncoding = 4; lastKnownFileType = sourcecode.c.objc; path = AppDelegate.m; sourceTree = "<group>"; };
		EF072F6D22D28B2400973DE1 /* JasonLogger.m */ = {isa = PBXFileReference; fileEncoding = 4; lastKnownFileType = sourcecode.c.objc; path = JasonLogger.m; sourceTree = "<group>"; };
		EF072F6E22D28B2400973DE1 /* README.md */ = {isa = PBXFileReference; fileEncoding = 4; lastKnownFileType = net.daringfireball.markdown; path = README.md; sourceTree = "<group>"; };
		EF072F6F22D28B2400973DE1 /* JasonLogger.h */ = {isa = PBXFileReference; fileEncoding = 4; lastKnownFileType = sourcecode.c.h; path = JasonLogger.h; sourceTree = "<group>"; };
		EF072F7122D28B2400973DE1 /* JasonMemory.m */ = {isa = PBXFileReference; fileEncoding = 4; lastKnownFileType = sourcecode.c.objc; path = JasonMemory.m; sourceTree = "<group>"; };
		EF072F7222D28B2400973DE1 /* JasonMemory.h */ = {isa = PBXFileReference; fileEncoding = 4; lastKnownFileType = sourcecode.c.h; path = JasonMemory.h; sourceTree = "<group>"; };
		EF072F7522D28B2400973DE1 /* JASONResponseSerializer.m */ = {isa = PBXFileReference; fileEncoding = 4; lastKnownFileType = sourcecode.c.objc; path = JASONResponseSerializer.m; sourceTree = "<group>"; };
		EF072F7622D28B2400973DE1 /* JASONResponseSerializer.h */ = {isa = PBXFileReference; fileEncoding = 4; lastKnownFileType = sourcecode.c.h; path = JASONResponseSerializer.h; sourceTree = "<group>"; };
		EF072F7722D28B2400973DE1 /* JasonNetworking.h */ = {isa = PBXFileReference; fileEncoding = 4; lastKnownFileType = sourcecode.c.h; path = JasonNetworking.h; sourceTree = "<group>"; };
		EF072F7822D28B2400973DE1 /* JasonNetworking.m */ = {isa = PBXFileReference; fileEncoding = 4; lastKnownFileType = sourcecode.c.objc; path = JasonNetworking.m; sourceTree = "<group>"; };
		EF072F7A22D28B2400973DE1 /* JasonParser.h */ = {isa = PBXFileReference; fileEncoding = 4; lastKnownFileType = sourcecode.c.h; path = JasonParser.h; sourceTree = "<group>"; };
		EF072F7B22D28B2400973DE1 /* JasonParser.m */ = {isa = PBXFileReference; fileEncoding = 4; lastKnownFileType = sourcecode.c.objc; path = JasonParser.m; sourceTree = "<group>"; };
		EF072F7E22D28B2400973DE1 /* JasonComponent.m */ = {isa = PBXFileReference; fileEncoding = 4; lastKnownFileType = sourcecode.c.objc; path = JasonComponent.m; sourceTree = "<group>"; };
		EF072F7F22D28B2400973DE1 /* JasonComponent.h */ = {isa = PBXFileReference; fileEncoding = 4; lastKnownFileType = sourcecode.c.h; path = JasonComponent.h; sourceTree = "<group>"; };
		EF072F8122D28B2400973DE1 /* UIView+JasonComponentPayload.m */ = {isa = PBXFileReference; fileEncoding = 4; lastKnownFileType = sourcecode.c.objc; path = "UIView+JasonComponentPayload.m"; sourceTree = "<group>"; };
		EF072F8222D28B2400973DE1 /* UIView+JasonComponentPayload.h */ = {isa = PBXFileReference; fileEncoding = 4; lastKnownFileType = sourcecode.c.h; path = "UIView+JasonComponentPayload.h"; sourceTree = "<group>"; };
		EF072F8322D28B2400973DE1 /* JasonComponentProtocol.h */ = {isa = PBXFileReference; fileEncoding = 4; lastKnownFileType = sourcecode.c.h; path = JasonComponentProtocol.h; sourceTree = "<group>"; };
		EF072F8522D28B2400973DE1 /* JasonComponentFactory.h */ = {isa = PBXFileReference; fileEncoding = 4; lastKnownFileType = sourcecode.c.h; path = JasonComponentFactory.h; sourceTree = "<group>"; };
		EF072F8622D28B2400973DE1 /* JasonComponentFactory.m */ = {isa = PBXFileReference; fileEncoding = 4; lastKnownFileType = sourcecode.c.objc; path = JasonComponentFactory.m; sourceTree = "<group>"; };
		EF072F8922D28B2400973DE1 /* JasonAction.h */ = {isa = PBXFileReference; fileEncoding = 4; lastKnownFileType = sourcecode.c.h; path = JasonAction.h; sourceTree = "<group>"; };
		EF072F8A22D28B2400973DE1 /* JasonAction.m */ = {isa = PBXFileReference; fileEncoding = 4; lastKnownFileType = sourcecode.c.objc; path = JasonAction.m; sourceTree = "<group>"; };
		EF072F8B22D28B2400973DE1 /* JasonActionProtocol.h */ = {isa = PBXFileReference; fileEncoding = 4; lastKnownFileType = sourcecode.c.h; path = JasonActionProtocol.h; sourceTree = "<group>"; };
		EF072F8D22D28B2400973DE1 /* Jason.m */ = {isa = PBXFileReference; fileEncoding = 4; lastKnownFileType = sourcecode.c.objc; path = Jason.m; sourceTree = "<group>"; };
		EF072F8E22D28B2400973DE1 /* Jason.h */ = {isa = PBXFileReference; fileEncoding = 4; lastKnownFileType = sourcecode.c.h; path = Jason.h; sourceTree = "<group>"; };
		EF072F9022D28B2400973DE1 /* JasonAppDelegate.h */ = {isa = PBXFileReference; fileEncoding = 4; lastKnownFileType = sourcecode.c.h; path = JasonAppDelegate.h; sourceTree = "<group>"; };
		EF072F9122D28B2400973DE1 /* JasonAppDelegate.m */ = {isa = PBXFileReference; fileEncoding = 4; lastKnownFileType = sourcecode.c.objc; path = JasonAppDelegate.m; sourceTree = "<group>"; };
		EF072F9322D28B2400973DE1 /* JasonStack.h */ = {isa = PBXFileReference; fileEncoding = 4; lastKnownFileType = sourcecode.c.h; path = JasonStack.h; sourceTree = "<group>"; };
		EF072F9422D28B2400973DE1 /* JasonStack.m */ = {isa = PBXFileReference; fileEncoding = 4; lastKnownFileType = sourcecode.c.objc; path = JasonStack.m; sourceTree = "<group>"; };
		EF072F9622D28B2400973DE1 /* JasonViewController.m */ = {isa = PBXFileReference; fileEncoding = 4; lastKnownFileType = sourcecode.c.objc; path = JasonViewController.m; sourceTree = "<group>"; };
		EF072F9722D28B2400973DE1 /* JasonViewController.h */ = {isa = PBXFileReference; fileEncoding = 4; lastKnownFileType = sourcecode.c.h; path = JasonViewController.h; sourceTree = "<group>"; };
		EF072F9922D28B2400973DE1 /* UIBarButtonItem+Badge.m */ = {isa = PBXFileReference; fileEncoding = 4; lastKnownFileType = sourcecode.c.objc; path = "UIBarButtonItem+Badge.m"; sourceTree = "<group>"; };
		EF072F9A22D28B2400973DE1 /* UIBarButtonItem+Badge.h */ = {isa = PBXFileReference; fileEncoding = 4; lastKnownFileType = sourcecode.c.h; path = "UIBarButtonItem+Badge.h"; sourceTree = "<group>"; };
		EF072F9D22D28B2400973DE1 /* placeholder@2x.png */ = {isa = PBXFileReference; lastKnownFileType = image.png; path = "placeholder@2x.png"; sourceTree = "<group>"; };
		EF072F9E22D28B2400973DE1 /* placeholderr@2x.png */ = {isa = PBXFileReference; lastKnownFileType = image.png; path = "placeholderr@2x.png"; sourceTree = "<group>"; };
		EF072F9F22D28B2400973DE1 /* icon-info@2x.png */ = {isa = PBXFileReference; lastKnownFileType = image.png; path = "icon-info@2x.png"; sourceTree = "<group>"; };
		EF072FA022D28B2400973DE1 /* icon-error.png */ = {isa = PBXFileReference; lastKnownFileType = image.png; path = "icon-error.png"; sourceTree = "<group>"; };
		EF072FA122D28B2400973DE1 /* icon-info.png */ = {isa = PBXFileReference; lastKnownFileType = image.png; path = "icon-info.png"; sourceTree = "<group>"; };
		EF072FA222D28B2400973DE1 /* more@2x.png */ = {isa = PBXFileReference; lastKnownFileType = image.png; path = "more@2x.png"; sourceTree = "<group>"; };
		EF072FA322D28B2400973DE1 /* Next@2x.png */ = {isa = PBXFileReference; lastKnownFileType = image.png; path = "Next@2x.png"; sourceTree = "<group>"; };
		EF072FA422D28B2400973DE1 /* icon-success@2x.png */ = {isa = PBXFileReference; lastKnownFileType = image.png; path = "icon-success@2x.png"; sourceTree = "<group>"; };
		EF072FA522D28B2400973DE1 /* icon-error@2x.png */ = {isa = PBXFileReference; lastKnownFileType = image.png; path = "icon-error@2x.png"; sourceTree = "<group>"; };
		EF072FA622D28B2400973DE1 /* icon-success.png */ = {isa = PBXFileReference; lastKnownFileType = image.png; path = "icon-success.png"; sourceTree = "<group>"; };
		EF072FA822D28B2400973DE1 /* st.js */ = {isa = PBXFileReference; fileEncoding = 4; lastKnownFileType = sourcecode.javascript; path = st.js; sourceTree = "<group>"; };
		EF072FA922D28B2400973DE1 /* rss.js */ = {isa = PBXFileReference; fileEncoding = 4; lastKnownFileType = sourcecode.javascript; path = rss.js; sourceTree = "<group>"; };
		EF072FAA22D28B2400973DE1 /* xhtml.js */ = {isa = PBXFileReference; fileEncoding = 4; lastKnownFileType = sourcecode.javascript; path = xhtml.js; sourceTree = "<group>"; };
		EF072FAB22D28B2400973DE1 /* csv.js */ = {isa = PBXFileReference; fileEncoding = 4; lastKnownFileType = sourcecode.javascript; path = csv.js; sourceTree = "<group>"; };
		EF072FAC22D28B2400973DE1 /* agent.js */ = {isa = PBXFileReference; fileEncoding = 4; lastKnownFileType = sourcecode.javascript; path = agent.js; sourceTree = "<group>"; };
		EF072FAE22D28B2400973DE1 /* error.json */ = {isa = PBXFileReference; fileEncoding = 4; lastKnownFileType = text.json; path = error.json; sourceTree = "<group>"; };
		EF072FAF22D28B2400973DE1 /* preload.json */ = {isa = PBXFileReference; fileEncoding = 4; lastKnownFileType = text.json; path = preload.json; sourceTree = "<group>"; };
		EF072FB222D28B2400973DE1 /* JasonHelper.h */ = {isa = PBXFileReference; fileEncoding = 4; lastKnownFileType = sourcecode.c.h; path = JasonHelper.h; sourceTree = "<group>"; };
		EF072FB322D28B2400973DE1 /* JasonHelper.m */ = {isa = PBXFileReference; fileEncoding = 4; lastKnownFileType = sourcecode.c.objc; path = JasonHelper.m; sourceTree = "<group>"; };
		EF072FB522D28B2400973DE1 /* JasonNSClassFromString.h */ = {isa = PBXFileReference; fileEncoding = 4; lastKnownFileType = sourcecode.c.h; path = JasonNSClassFromString.h; sourceTree = "<group>"; };
		EF072FB622D28B2400973DE1 /* JasonNSClassFromString.m */ = {isa = PBXFileReference; fileEncoding = 4; lastKnownFileType = sourcecode.c.objc; path = JasonNSClassFromString.m; sourceTree = "<group>"; };
		EF072FB722D28B2400973DE1 /* JasonOptionHelper.h */ = {isa = PBXFileReference; fileEncoding = 4; lastKnownFileType = sourcecode.c.h; path = JasonOptionHelper.h; sourceTree = "<group>"; };
		EF072FB822D28B2400973DE1 /* NSObject+JSONPayload.h */ = {isa = PBXFileReference; fileEncoding = 4; lastKnownFileType = sourcecode.c.h; path = "NSObject+JSONPayload.h"; sourceTree = "<group>"; };
		EF072FB922D28B2400973DE1 /* JasonOptionHelper.m */ = {isa = PBXFileReference; fileEncoding = 4; lastKnownFileType = sourcecode.c.objc; path = JasonOptionHelper.m; sourceTree = "<group>"; };
		EF072FBA22D28B2400973DE1 /* NSObject+JSONPayload.m */ = {isa = PBXFileReference; fileEncoding = 4; lastKnownFileType = sourcecode.c.objc; path = "NSObject+JSONPayload.m"; sourceTree = "<group>"; };
		EF072FBD22D28B2400973DE1 /* JasonLabelComponent.h */ = {isa = PBXFileReference; fileEncoding = 4; lastKnownFileType = sourcecode.c.h; path = JasonLabelComponent.h; sourceTree = "<group>"; };
		EF072FBE22D28B2400973DE1 /* JasonLabelComponent.m */ = {isa = PBXFileReference; fileEncoding = 4; lastKnownFileType = sourcecode.c.objc; path = JasonLabelComponent.m; sourceTree = "<group>"; };
		EF072FC022D28B2400973DE1 /* JasonTextfieldComponent.m */ = {isa = PBXFileReference; fileEncoding = 4; lastKnownFileType = sourcecode.c.objc; path = JasonTextfieldComponent.m; sourceTree = "<group>"; };
		EF072FC122D28B2400973DE1 /* JasonTextfieldComponent.h */ = {isa = PBXFileReference; fileEncoding = 4; lastKnownFileType = sourcecode.c.h; path = JasonTextfieldComponent.h; sourceTree = "<group>"; };
		EF072FC322D28B2400973DE1 /* JasonSliderComponent.m */ = {isa = PBXFileReference; fileEncoding = 4; lastKnownFileType = sourcecode.c.objc; path = JasonSliderComponent.m; sourceTree = "<group>"; };
		EF072FC422D28B2400973DE1 /* JasonSliderComponent.h */ = {isa = PBXFileReference; fileEncoding = 4; lastKnownFileType = sourcecode.c.h; path = JasonSliderComponent.h; sourceTree = "<group>"; };
		EF072FC622D28B2400973DE1 /* JasonHtmlComponent.m */ = {isa = PBXFileReference; fileEncoding = 4; lastKnownFileType = sourcecode.c.objc; path = JasonHtmlComponent.m; sourceTree = "<group>"; };
		EF072FC722D28B2400973DE1 /* JasonHtmlComponent.h */ = {isa = PBXFileReference; fileEncoding = 4; lastKnownFileType = sourcecode.c.h; path = JasonHtmlComponent.h; sourceTree = "<group>"; };
		EF072FC922D28B2400973DE1 /* JasonImageComponent.h */ = {isa = PBXFileReference; fileEncoding = 4; lastKnownFileType = sourcecode.c.h; path = JasonImageComponent.h; sourceTree = "<group>"; };
		EF072FCA22D28B2400973DE1 /* JasonImageComponent.m */ = {isa = PBXFileReference; fileEncoding = 4; lastKnownFileType = sourcecode.c.objc; path = JasonImageComponent.m; sourceTree = "<group>"; };
		EF072FCC22D28B2400973DE1 /* JasonMapComponent.h */ = {isa = PBXFileReference; fileEncoding = 4; lastKnownFileType = sourcecode.c.h; path = JasonMapComponent.h; sourceTree = "<group>"; };
		EF072FCD22D28B2400973DE1 /* JasonMapComponent.m */ = {isa = PBXFileReference; fileEncoding = 4; lastKnownFileType = sourcecode.c.objc; path = JasonMapComponent.m; sourceTree = "<group>"; };
		EF072FCF22D28B2400973DE1 /* JasonTextareaComponent.m */ = {isa = PBXFileReference; fileEncoding = 4; lastKnownFileType = sourcecode.c.objc; path = JasonTextareaComponent.m; sourceTree = "<group>"; };
		EF072FD022D28B2400973DE1 /* JasonTextareaComponent.h */ = {isa = PBXFileReference; fileEncoding = 4; lastKnownFileType = sourcecode.c.h; path = JasonTextareaComponent.h; sourceTree = "<group>"; };
		EF072FD222D28B2400973DE1 /* NoPaddingButton.h */ = {isa = PBXFileReference; fileEncoding = 4; lastKnownFileType = sourcecode.c.h; path = NoPaddingButton.h; sourceTree = "<group>"; };
		EF072FD322D28B2400973DE1 /* JasonButtonComponent.m */ = {isa = PBXFileReference; fileEncoding = 4; lastKnownFileType = sourcecode.c.objc; path = JasonButtonComponent.m; sourceTree = "<group>"; };
		EF072FD422D28B2400973DE1 /* NoPaddingButton.m */ = {isa = PBXFileReference; fileEncoding = 4; lastKnownFileType = sourcecode.c.objc; path = NoPaddingButton.m; sourceTree = "<group>"; };
		EF072FD522D28B2400973DE1 /* JasonButtonComponent.h */ = {isa = PBXFileReference; fileEncoding = 4; lastKnownFileType = sourcecode.c.h; path = JasonButtonComponent.h; sourceTree = "<group>"; };
		EF072FD722D28B2400973DE1 /* JasonSwitchComponent.h */ = {isa = PBXFileReference; fileEncoding = 4; lastKnownFileType = sourcecode.c.h; path = JasonSwitchComponent.h; sourceTree = "<group>"; };
		EF072FD822D28B2400973DE1 /* JasonSwitchComponent.m */ = {isa = PBXFileReference; fileEncoding = 4; lastKnownFileType = sourcecode.c.objc; path = JasonSwitchComponent.m; sourceTree = "<group>"; };
		EF072FDA22D28B2400973DE1 /* JasonSpaceComponent.m */ = {isa = PBXFileReference; fileEncoding = 4; lastKnownFileType = sourcecode.c.objc; path = JasonSpaceComponent.m; sourceTree = "<group>"; };
		EF072FDB22D28B2400973DE1 /* JasonSpaceComponent.h */ = {isa = PBXFileReference; fileEncoding = 4; lastKnownFileType = sourcecode.c.h; path = JasonSpaceComponent.h; sourceTree = "<group>"; };
		EF072FDE22D28B2400973DE1 /* JasonGeoAction.m */ = {isa = PBXFileReference; fileEncoding = 4; lastKnownFileType = sourcecode.c.objc; path = JasonGeoAction.m; sourceTree = "<group>"; };
		EF072FDF22D28B2400973DE1 /* JasonGeoAction.h */ = {isa = PBXFileReference; fileEncoding = 4; lastKnownFileType = sourcecode.c.h; path = JasonGeoAction.h; sourceTree = "<group>"; };
		EF072FE122D28B2400973DE1 /* JasonGlobalAction.h */ = {isa = PBXFileReference; fileEncoding = 4; lastKnownFileType = sourcecode.c.h; path = JasonGlobalAction.h; sourceTree = "<group>"; };
		EF072FE222D28B2400973DE1 /* JasonGlobalAction.m */ = {isa = PBXFileReference; fileEncoding = 4; lastKnownFileType = sourcecode.c.objc; path = JasonGlobalAction.m; sourceTree = "<group>"; };
		EF072FE422D28B2400973DE1 /* JasonAudioAction.h */ = {isa = PBXFileReference; fileEncoding = 4; lastKnownFileType = sourcecode.c.h; path = JasonAudioAction.h; sourceTree = "<group>"; };
		EF072FE522D28B2400973DE1 /* JasonAudioAction.m */ = {isa = PBXFileReference; fileEncoding = 4; lastKnownFileType = sourcecode.c.objc; path = JasonAudioAction.m; sourceTree = "<group>"; };
		EF072FE722D28B2400973DE1 /* JasonNetworkAction.h */ = {isa = PBXFileReference; fileEncoding = 4; lastKnownFileType = sourcecode.c.h; path = JasonNetworkAction.h; sourceTree = "<group>"; };
		EF072FE822D28B2400973DE1 /* JasonNetworkAction.m */ = {isa = PBXFileReference; fileEncoding = 4; lastKnownFileType = sourcecode.c.objc; path = JasonNetworkAction.m; sourceTree = "<group>"; };
		EF072FEA22D28B2400973DE1 /* JasonPushAction.h */ = {isa = PBXFileReference; fileEncoding = 4; lastKnownFileType = sourcecode.c.h; path = JasonPushAction.h; sourceTree = "<group>"; };
		EF072FEB22D28B2400973DE1 /* JasonPushAction.m */ = {isa = PBXFileReference; fileEncoding = 4; lastKnownFileType = sourcecode.c.objc; path = JasonPushAction.m; sourceTree = "<group>"; };
		EF072FED22D28B2400973DE1 /* JasonWebsocketAction.m */ = {isa = PBXFileReference; fileEncoding = 4; lastKnownFileType = sourcecode.c.objc; path = JasonWebsocketAction.m; sourceTree = "<group>"; };
		EF072FEE22D28B2400973DE1 /* JasonWebsocketAction.h */ = {isa = PBXFileReference; fileEncoding = 4; lastKnownFileType = sourcecode.c.h; path = JasonWebsocketAction.h; sourceTree = "<group>"; };
		EF072FF122D28B2400973DE1 /* JasonPortraitPicker.m */ = {isa = PBXFileReference; fileEncoding = 4; lastKnownFileType = sourcecode.c.objc; path = JasonPortraitPicker.m; sourceTree = "<group>"; };
		EF072FF222D28B2400973DE1 /* JasonPortraitPicker.h */ = {isa = PBXFileReference; fileEncoding = 4; lastKnownFileType = sourcecode.c.h; path = JasonPortraitPicker.h; sourceTree = "<group>"; };
		EF072FF322D28B2400973DE1 /* JasonMediaAction.h */ = {isa = PBXFileReference; fileEncoding = 4; lastKnownFileType = sourcecode.c.h; path = JasonMediaAction.h; sourceTree = "<group>"; };
		EF072FF422D28B2400973DE1 /* JasonMediaAction.m */ = {isa = PBXFileReference; fileEncoding = 4; lastKnownFileType = sourcecode.c.objc; path = JasonMediaAction.m; sourceTree = "<group>"; };
		EF072FF622D28B2400973DE1 /* JasonUtilAction.h */ = {isa = PBXFileReference; fileEncoding = 4; lastKnownFileType = sourcecode.c.h; path = JasonUtilAction.h; sourceTree = "<group>"; };
		EF072FF722D28B2400973DE1 /* JasonUtilAction.m */ = {isa = PBXFileReference; fileEncoding = 4; lastKnownFileType = sourcecode.c.objc; path = JasonUtilAction.m; sourceTree = "<group>"; };
		EF072FF922D28B2400973DE1 /* JasonReturnAction.m */ = {isa = PBXFileReference; fileEncoding = 4; lastKnownFileType = sourcecode.c.objc; path = JasonReturnAction.m; sourceTree = "<group>"; };
		EF072FFA22D28B2400973DE1 /* JasonReturnAction.h */ = {isa = PBXFileReference; fileEncoding = 4; lastKnownFileType = sourcecode.c.h; path = JasonReturnAction.h; sourceTree = "<group>"; };
		EF072FFC22D28B2400973DE1 /* JasonConvertAction.m */ = {isa = PBXFileReference; fileEncoding = 4; lastKnownFileType = sourcecode.c.objc; path = JasonConvertAction.m; sourceTree = "<group>"; };
		EF072FFD22D28B2400973DE1 /* JasonConvertAction.h */ = {isa = PBXFileReference; fileEncoding = 4; lastKnownFileType = sourcecode.c.h; path = JasonConvertAction.h; sourceTree = "<group>"; };
		EF072FFF22D28B2400973DE1 /* JasonSessionAction.m */ = {isa = PBXFileReference; fileEncoding = 4; lastKnownFileType = sourcecode.c.objc; path = JasonSessionAction.m; sourceTree = "<group>"; };
		EF07300022D28B2400973DE1 /* JasonSessionAction.h */ = {isa = PBXFileReference; fileEncoding = 4; lastKnownFileType = sourcecode.c.h; path = JasonSessionAction.h; sourceTree = "<group>"; };
		EF07300222D28B2400973DE1 /* JasonScriptAction.m */ = {isa = PBXFileReference; fileEncoding = 4; lastKnownFileType = sourcecode.c.objc; path = JasonScriptAction.m; sourceTree = "<group>"; };
		EF07300322D28B2400973DE1 /* JasonScriptAction.h */ = {isa = PBXFileReference; fileEncoding = 4; lastKnownFileType = sourcecode.c.h; path = JasonScriptAction.h; sourceTree = "<group>"; };
		EF07300522D28B2400973DE1 /* JasonVisionAction.h */ = {isa = PBXFileReference; fileEncoding = 4; lastKnownFileType = sourcecode.c.h; path = JasonVisionAction.h; sourceTree = "<group>"; };
		EF07300622D28B2400973DE1 /* JasonVisionAction.m */ = {isa = PBXFileReference; fileEncoding = 4; lastKnownFileType = sourcecode.c.objc; path = JasonVisionAction.m; sourceTree = "<group>"; };
		EF07300822D28B2400973DE1 /* JasonCacheAction.m */ = {isa = PBXFileReference; fileEncoding = 4; lastKnownFileType = sourcecode.c.objc; path = JasonCacheAction.m; sourceTree = "<group>"; };
		EF07300922D28B2400973DE1 /* JasonCacheAction.h */ = {isa = PBXFileReference; fileEncoding = 4; lastKnownFileType = sourcecode.c.h; path = JasonCacheAction.h; sourceTree = "<group>"; };
		EF07300B22D28B2400973DE1 /* JasonOauthAction.h */ = {isa = PBXFileReference; fileEncoding = 4; lastKnownFileType = sourcecode.c.h; path = JasonOauthAction.h; sourceTree = "<group>"; };
		EF07300C22D28B2400973DE1 /* JasonOauthAction.m */ = {isa = PBXFileReference; fileEncoding = 4; lastKnownFileType = sourcecode.c.objc; path = JasonOauthAction.m; sourceTree = "<group>"; };
		EF07300E22D28B2400973DE1 /* JasonNotificationAction.h */ = {isa = PBXFileReference; fileEncoding = 4; lastKnownFileType = sourcecode.c.h; path = JasonNotificationAction.h; sourceTree = "<group>"; };
		EF07300F22D28B2400973DE1 /* JasonNotificationAction.m */ = {isa = PBXFileReference; fileEncoding = 4; lastKnownFileType = sourcecode.c.objc; path = JasonNotificationAction.m; sourceTree = "<group>"; };
		EF07301122D28B2400973DE1 /* JasonTimerAction.m */ = {isa = PBXFileReference; fileEncoding = 4; lastKnownFileType = sourcecode.c.objc; path = JasonTimerAction.m; sourceTree = "<group>"; };
		EF07301222D28B2400973DE1 /* JasonTimerAction.h */ = {isa = PBXFileReference; fileEncoding = 4; lastKnownFileType = sourcecode.c.h; path = JasonTimerAction.h; sourceTree = "<group>"; };
		EF07301422D28B2400973DE1 /* JasonLogAction.m */ = {isa = PBXFileReference; fileEncoding = 4; lastKnownFileType = sourcecode.c.objc; path = JasonLogAction.m; sourceTree = "<group>"; };
		EF07301522D28B2400973DE1 /* JasonLogAction.h */ = {isa = PBXFileReference; fileEncoding = 4; lastKnownFileType = sourcecode.c.h; path = JasonLogAction.h; sourceTree = "<group>"; };
		EF07301722D28B2400973DE1 /* JasonAgentAction.h */ = {isa = PBXFileReference; fileEncoding = 4; lastKnownFileType = sourcecode.c.h; path = JasonAgentAction.h; sourceTree = "<group>"; };
		EF07301822D28B2400973DE1 /* JasonAgentAction.m */ = {isa = PBXFileReference; fileEncoding = 4; lastKnownFileType = sourcecode.c.objc; path = JasonAgentAction.m; sourceTree = "<group>"; };
		EF07301B22D28B2400973DE1 /* JasonHorizontalSection.xib */ = {isa = PBXFileReference; fileEncoding = 4; lastKnownFileType = file.xib; path = JasonHorizontalSection.xib; sourceTree = "<group>"; };
		EF07301C22D28B2400973DE1 /* JasonHorizontalSection.m */ = {isa = PBXFileReference; fileEncoding = 4; lastKnownFileType = sourcecode.c.objc; path = JasonHorizontalSection.m; sourceTree = "<group>"; };
		EF07301E22D28B2400973DE1 /* JasonHorizontalSectionItem.m */ = {isa = PBXFileReference; fileEncoding = 4; lastKnownFileType = sourcecode.c.objc; path = JasonHorizontalSectionItem.m; sourceTree = "<group>"; };
		EF07301F22D28B2400973DE1 /* JasonHorizontalSectionItem.h */ = {isa = PBXFileReference; fileEncoding = 4; lastKnownFileType = sourcecode.c.h; path = JasonHorizontalSectionItem.h; sourceTree = "<group>"; };
		EF07302022D28B2400973DE1 /* JasonHorizontalSectionItem.xib */ = {isa = PBXFileReference; fileEncoding = 4; lastKnownFileType = file.xib; path = JasonHorizontalSectionItem.xib; sourceTree = "<group>"; };
		EF07302122D28B2400973DE1 /* JasonHorizontalSection.h */ = {isa = PBXFileReference; fileEncoding = 4; lastKnownFileType = sourcecode.c.h; path = JasonHorizontalSection.h; sourceTree = "<group>"; };
		EF07302322D28B2400973DE1 /* JasonLayout.m */ = {isa = PBXFileReference; fileEncoding = 4; lastKnownFileType = sourcecode.c.objc; path = JasonLayout.m; sourceTree = "<group>"; };
		EF07302422D28B2400973DE1 /* JasonLayout.h */ = {isa = PBXFileReference; fileEncoding = 4; lastKnownFileType = sourcecode.c.h; path = JasonLayout.h; sourceTree = "<group>"; };
		EF07302622D28B2400973DE1 /* JasonLayer.m */ = {isa = PBXFileReference; fileEncoding = 4; lastKnownFileType = sourcecode.c.objc; path = JasonLayer.m; sourceTree = "<group>"; };
		EF07302722D28B2400973DE1 /* JasonLayer.h */ = {isa = PBXFileReference; fileEncoding = 4; lastKnownFileType = sourcecode.c.h; path = JasonLayer.h; sourceTree = "<group>"; };
		EF07302A22D28B2400973DE1 /* JasonVerticalSectionItem.h */ = {isa = PBXFileReference; fileEncoding = 4; lastKnownFileType = sourcecode.c.h; path = JasonVerticalSectionItem.h; sourceTree = "<group>"; };
		EF07302B22D28B2400973DE1 /* JasonVerticalSectionItem.xib */ = {isa = PBXFileReference; fileEncoding = 4; lastKnownFileType = file.xib; path = JasonVerticalSectionItem.xib; sourceTree = "<group>"; };
		EF07302C22D28B2400973DE1 /* JasonVerticalSectionItem.m */ = {isa = PBXFileReference; fileEncoding = 4; lastKnownFileType = sourcecode.c.objc; path = JasonVerticalSectionItem.m; sourceTree = "<group>"; };
		EF07302F22D28B2400973DE1 /* JasonPushService.h */ = {isa = PBXFileReference; fileEncoding = 4; lastKnownFileType = sourcecode.c.h; path = JasonPushService.h; sourceTree = "<group>"; };
		EF07303022D28B2400973DE1 /* JasonPushService.m */ = {isa = PBXFileReference; fileEncoding = 4; lastKnownFileType = sourcecode.c.objc; path = JasonPushService.m; sourceTree = "<group>"; };
		EF07303222D28B2400973DE1 /* JasonWebsocketService.h */ = {isa = PBXFileReference; fileEncoding = 4; lastKnownFileType = sourcecode.c.h; path = JasonWebsocketService.h; sourceTree = "<group>"; };
		EF07303322D28B2400973DE1 /* JasonWebsocketService.m */ = {isa = PBXFileReference; fileEncoding = 4; lastKnownFileType = sourcecode.c.objc; path = JasonWebsocketService.m; sourceTree = "<group>"; };
		EF07303522D28B2400973DE1 /* JasonVisionService.m */ = {isa = PBXFileReference; fileEncoding = 4; lastKnownFileType = sourcecode.c.objc; path = JasonVisionService.m; sourceTree = "<group>"; };
		EF07303622D28B2400973DE1 /* JasonVisionService.h */ = {isa = PBXFileReference; fileEncoding = 4; lastKnownFileType = sourcecode.c.h; path = JasonVisionService.h; sourceTree = "<group>"; };
		EF07303822D28B2400973DE1 /* JasonAgentService.m */ = {isa = PBXFileReference; fileEncoding = 4; lastKnownFileType = sourcecode.c.objc; path = JasonAgentService.m; sourceTree = "<group>"; };
		EF07303922D28B2400973DE1 /* JasonAgentService.h */ = {isa = PBXFileReference; fileEncoding = 4; lastKnownFileType = sourcecode.c.h; path = JasonAgentService.h; sourceTree = "<group>"; };
		EF82979222D28D96003ED64B /* Info.plist */ = {isa = PBXFileReference; fileEncoding = 4; lastKnownFileType = text.plist.xml; name = Info.plist; path = Jasonette/Info.plist; sourceTree = SOURCE_ROOT; };
		EF82979922D30A71003ED64B /* jr.sample.json */ = {isa = PBXFileReference; fileEncoding = 4; lastKnownFileType = text.json; path = jr.sample.json; sourceTree = "<group>"; };
		EF82979A22D30A71003ED64B /* README.md */ = {isa = PBXFileReference; fileEncoding = 4; lastKnownFileType = net.daringfireball.markdown; path = README.md; sourceTree = "<group>"; };
/* End PBXFileReference section */

/* Begin PBXFrameworksBuildPhase section */
		5E3176561D1E400C00D87778 /* Frameworks */ = {
			isa = PBXFrameworksBuildPhase;
			buildActionMask = 2147483647;
			files = (
				5EE85B6C1DA45F8F0049EACE /* MapKit.framework in Frameworks */,
				F9283F33AA628489204A4867 /* Pods_Jasonette.framework in Frameworks */,
			);
			runOnlyForDeploymentPostprocessing = 0;
		};
/* End PBXFrameworksBuildPhase section */

/* Begin PBXGroup section */
		024EC1D04366A4267780A921 /* Pods */ = {
			isa = PBXGroup;
			children = (
				BEB1DF488FABA35A255BC8E4 /* Pods-Jasonette.debug.xcconfig */,
				1BD8E8486EE7AF4E4934685E /* Pods-Jasonette.release.xcconfig */,
			);
			name = Pods;
			sourceTree = "<group>";
		};
		5E3176501D1E400C00D87778 = {
			isa = PBXGroup;
			children = (
				EF072F5E22D28B2400973DE1 /* App */,
				EF072F6122D28B2400973DE1 /* Config */,
				EF82979822D30A71003ED64B /* Extensions */,
				EF072F6A22D28B2400973DE1 /* Jasonette */,
				5E31765A1D1E400C00D87778 /* Products */,
				024EC1D04366A4267780A921 /* Pods */,
				7CC63D0148253F040E828E0E /* Frameworks */,
			);
			sourceTree = "<group>";
		};
		5E31765A1D1E400C00D87778 /* Products */ = {
			isa = PBXGroup;
			children = (
				5E3176591D1E400C00D87778 /* Jasonette.app */,
			);
			name = Products;
			sourceTree = "<group>";
		};
		7CC63D0148253F040E828E0E /* Frameworks */ = {
			isa = PBXGroup;
			children = (
				5EE85B7A1DA595A20049EACE /* UIKit.framework */,
				5EE85B6B1DA45F8F0049EACE /* MapKit.framework */,
				2F0FCC971E030AF932E421D4 /* Pods_Jasonette.framework */,
			);
			name = Frameworks;
			sourceTree = "<group>";
		};
		EF072F5E22D28B2400973DE1 /* App */ = {
			isa = PBXGroup;
			children = (
				EF072F5F22D28B2400973DE1 /* settings.plist */,
				EF072F6022D28B2400973DE1 /* hello.json */,
			);
			path = App;
			sourceTree = "<group>";
		};
		EF072F6122D28B2400973DE1 /* Config */ = {
			isa = PBXGroup;
			children = (
				EF072F6522D28B2400973DE1 /* AppDelegate */,
				EF82979222D28D96003ED64B /* Info.plist */,
				EF072F6322D28B2400973DE1 /* LaunchScreen.storyboard */,
				EF072F6722D28B2400973DE1 /* main.m */,
				EF072F6422D28B2400973DE1 /* Constants.h */,
				EF072F6222D28B2400973DE1 /* Media.xcassets */,
			);
			path = Config;
			sourceTree = "<group>";
		};
		EF072F6522D28B2400973DE1 /* AppDelegate */ = {
			isa = PBXGroup;
			children = (
				EF072F6622D28B2400973DE1 /* AppDelegate.h */,
				EF072F6822D28B2400973DE1 /* AppDelegate.m */,
			);
			path = AppDelegate;
			sourceTree = "<group>";
		};
		EF072F6A22D28B2400973DE1 /* Jasonette */ = {
			isa = PBXGroup;
			children = (
				EF072F6B22D28B2400973DE1 /* Core */,
				EF072FBB22D28B2400973DE1 /* Components */,
				EF072FDC22D28B2400973DE1 /* Actions */,
				EF07301922D28B2400973DE1 /* Views */,
				EF07302D22D28B2400973DE1 /* Services */,
			);
			path = Jasonette;
			sourceTree = "<group>";
		};
		EF072F6B22D28B2400973DE1 /* Core */ = {
			isa = PBXGroup;
			children = (
				EF072F8F22D28B2400973DE1 /* AppDelegate */,
				EF072F8C22D28B2400973DE1 /* Jason */,
				EF072F6C22D28B2400973DE1 /* Logger */,
				EF072F7022D28B2400973DE1 /* Memory */,
				EF072F7322D28B2400973DE1 /* Networking */,
				EF072F7922D28B2400973DE1 /* Parser */,
				EF072F7C22D28B2400973DE1 /* Components */,
				EF072F8722D28B2400973DE1 /* Actions */,
				EF072F9222D28B2400973DE1 /* Stack */,
				EF072F9522D28B2400973DE1 /* Views */,
				EF072F9B22D28B2400973DE1 /* Assets */,
				EF072FB022D28B2400973DE1 /* Helpers */,
			);
			path = Core;
			sourceTree = "<group>";
		};
		EF072F6C22D28B2400973DE1 /* Logger */ = {
			isa = PBXGroup;
			children = (
				EF072F6D22D28B2400973DE1 /* JasonLogger.m */,
				EF072F6E22D28B2400973DE1 /* README.md */,
				EF072F6F22D28B2400973DE1 /* JasonLogger.h */,
			);
			path = Logger;
			sourceTree = "<group>";
		};
		EF072F7022D28B2400973DE1 /* Memory */ = {
			isa = PBXGroup;
			children = (
				EF072F7122D28B2400973DE1 /* JasonMemory.m */,
				EF072F7222D28B2400973DE1 /* JasonMemory.h */,
			);
			path = Memory;
			sourceTree = "<group>";
		};
		EF072F7322D28B2400973DE1 /* Networking */ = {
			isa = PBXGroup;
			children = (
				EF072F7422D28B2400973DE1 /* Serializer */,
				EF072F7722D28B2400973DE1 /* JasonNetworking.h */,
				EF072F7822D28B2400973DE1 /* JasonNetworking.m */,
			);
			path = Networking;
			sourceTree = "<group>";
		};
		EF072F7422D28B2400973DE1 /* Serializer */ = {
			isa = PBXGroup;
			children = (
				EF072F7522D28B2400973DE1 /* JASONResponseSerializer.m */,
				EF072F7622D28B2400973DE1 /* JASONResponseSerializer.h */,
			);
			path = Serializer;
			sourceTree = "<group>";
		};
		EF072F7922D28B2400973DE1 /* Parser */ = {
			isa = PBXGroup;
			children = (
				EF072F7A22D28B2400973DE1 /* JasonParser.h */,
				EF072F7B22D28B2400973DE1 /* JasonParser.m */,
			);
			path = Parser;
			sourceTree = "<group>";
		};
		EF072F7C22D28B2400973DE1 /* Components */ = {
			isa = PBXGroup;
			children = (
				EF072F7D22D28B2400973DE1 /* JasonComponent */,
				EF072F8022D28B2400973DE1 /* UIView+JasonPayload */,
				EF072F8322D28B2400973DE1 /* JasonComponentProtocol.h */,
				EF072F8422D28B2400973DE1 /* Factory */,
			);
			path = Components;
			sourceTree = "<group>";
		};
		EF072F7D22D28B2400973DE1 /* JasonComponent */ = {
			isa = PBXGroup;
			children = (
				EF072F7E22D28B2400973DE1 /* JasonComponent.m */,
				EF072F7F22D28B2400973DE1 /* JasonComponent.h */,
			);
			path = JasonComponent;
			sourceTree = "<group>";
		};
		EF072F8022D28B2400973DE1 /* UIView+JasonPayload */ = {
			isa = PBXGroup;
			children = (
				EF072F8122D28B2400973DE1 /* UIView+JasonComponentPayload.m */,
				EF072F8222D28B2400973DE1 /* UIView+JasonComponentPayload.h */,
			);
			path = "UIView+JasonPayload";
			sourceTree = "<group>";
		};
		EF072F8422D28B2400973DE1 /* Factory */ = {
			isa = PBXGroup;
			children = (
				EF072F8522D28B2400973DE1 /* JasonComponentFactory.h */,
				EF072F8622D28B2400973DE1 /* JasonComponentFactory.m */,
			);
			path = Factory;
			sourceTree = "<group>";
		};
		EF072F8722D28B2400973DE1 /* Actions */ = {
			isa = PBXGroup;
			children = (
				EF072F8822D28B2400973DE1 /* JasonAction */,
				EF072F8B22D28B2400973DE1 /* JasonActionProtocol.h */,
			);
			path = Actions;
			sourceTree = "<group>";
		};
		EF072F8822D28B2400973DE1 /* JasonAction */ = {
			isa = PBXGroup;
			children = (
				EF072F8922D28B2400973DE1 /* JasonAction.h */,
				EF072F8A22D28B2400973DE1 /* JasonAction.m */,
			);
			path = JasonAction;
			sourceTree = "<group>";
		};
		EF072F8C22D28B2400973DE1 /* Jason */ = {
			isa = PBXGroup;
			children = (
				EF072F8D22D28B2400973DE1 /* Jason.m */,
				EF072F8E22D28B2400973DE1 /* Jason.h */,
			);
			path = Jason;
			sourceTree = "<group>";
		};
		EF072F8F22D28B2400973DE1 /* AppDelegate */ = {
			isa = PBXGroup;
			children = (
				EF072F9022D28B2400973DE1 /* JasonAppDelegate.h */,
				EF072F9122D28B2400973DE1 /* JasonAppDelegate.m */,
			);
			path = AppDelegate;
			sourceTree = "<group>";
		};
		EF072F9222D28B2400973DE1 /* Stack */ = {
			isa = PBXGroup;
			children = (
				EF072F9322D28B2400973DE1 /* JasonStack.h */,
				EF072F9422D28B2400973DE1 /* JasonStack.m */,
			);
			path = Stack;
			sourceTree = "<group>";
		};
		EF072F9522D28B2400973DE1 /* Views */ = {
			isa = PBXGroup;
			children = (
				EF072F9622D28B2400973DE1 /* JasonViewController.m */,
				EF072F9722D28B2400973DE1 /* JasonViewController.h */,
				EF072F9822D28B2400973DE1 /* Badge */,
			);
			path = Views;
			sourceTree = "<group>";
		};
		EF072F9822D28B2400973DE1 /* Badge */ = {
			isa = PBXGroup;
			children = (
				EF072F9922D28B2400973DE1 /* UIBarButtonItem+Badge.m */,
				EF072F9A22D28B2400973DE1 /* UIBarButtonItem+Badge.h */,
			);
			path = Badge;
			sourceTree = "<group>";
		};
		EF072F9B22D28B2400973DE1 /* Assets */ = {
			isa = PBXGroup;
			children = (
				EF072F9C22D28B2400973DE1 /* images */,
				EF072FA722D28B2400973DE1 /* js */,
				EF072FAD22D28B2400973DE1 /* json */,
			);
			path = Assets;
			sourceTree = "<group>";
		};
		EF072F9C22D28B2400973DE1 /* images */ = {
			isa = PBXGroup;
			children = (
				EF072F9D22D28B2400973DE1 /* placeholder@2x.png */,
				EF072F9E22D28B2400973DE1 /* placeholderr@2x.png */,
				EF072F9F22D28B2400973DE1 /* icon-info@2x.png */,
				EF072FA022D28B2400973DE1 /* icon-error.png */,
				EF072FA122D28B2400973DE1 /* icon-info.png */,
				EF072FA222D28B2400973DE1 /* more@2x.png */,
				EF072FA322D28B2400973DE1 /* Next@2x.png */,
				EF072FA422D28B2400973DE1 /* icon-success@2x.png */,
				EF072FA522D28B2400973DE1 /* icon-error@2x.png */,
				EF072FA622D28B2400973DE1 /* icon-success.png */,
			);
			path = images;
			sourceTree = "<group>";
		};
		EF072FA722D28B2400973DE1 /* js */ = {
			isa = PBXGroup;
			children = (
				EF072FA822D28B2400973DE1 /* st.js */,
				EF072FA922D28B2400973DE1 /* rss.js */,
				EF072FAA22D28B2400973DE1 /* xhtml.js */,
				EF072FAB22D28B2400973DE1 /* csv.js */,
				EF072FAC22D28B2400973DE1 /* agent.js */,
			);
			path = js;
			sourceTree = "<group>";
		};
		EF072FAD22D28B2400973DE1 /* json */ = {
			isa = PBXGroup;
			children = (
				EF072FAE22D28B2400973DE1 /* error.json */,
				EF072FAF22D28B2400973DE1 /* preload.json */,
			);
			path = json;
			sourceTree = "<group>";
		};
		EF072FB022D28B2400973DE1 /* Helpers */ = {
			isa = PBXGroup;
			children = (
				EF072FB122D28B2400973DE1 /* JasonHelper */,
				EF072FB422D28B2400973DE1 /* JasonNSClassFromString */,
				EF072FB722D28B2400973DE1 /* JasonOptionHelper.h */,
				EF072FB822D28B2400973DE1 /* NSObject+JSONPayload.h */,
				EF072FB922D28B2400973DE1 /* JasonOptionHelper.m */,
				EF072FBA22D28B2400973DE1 /* NSObject+JSONPayload.m */,
			);
			path = Helpers;
			sourceTree = "<group>";
		};
		EF072FB122D28B2400973DE1 /* JasonHelper */ = {
			isa = PBXGroup;
			children = (
				EF072FB222D28B2400973DE1 /* JasonHelper.h */,
				EF072FB322D28B2400973DE1 /* JasonHelper.m */,
			);
			path = JasonHelper;
			sourceTree = "<group>";
		};
		EF072FB422D28B2400973DE1 /* JasonNSClassFromString */ = {
			isa = PBXGroup;
			children = (
				EF072FB522D28B2400973DE1 /* JasonNSClassFromString.h */,
				EF072FB622D28B2400973DE1 /* JasonNSClassFromString.m */,
			);
			path = JasonNSClassFromString;
			sourceTree = "<group>";
		};
		EF072FBB22D28B2400973DE1 /* Components */ = {
			isa = PBXGroup;
			children = (
				EF072FBC22D28B2400973DE1 /* label */,
				EF072FBF22D28B2400973DE1 /* textfield */,
				EF072FC222D28B2400973DE1 /* slider */,
				EF072FC522D28B2400973DE1 /* html */,
				EF072FC822D28B2400973DE1 /* image */,
				EF072FCB22D28B2400973DE1 /* map */,
				EF072FCE22D28B2400973DE1 /* textarea */,
				EF072FD122D28B2400973DE1 /* button */,
				EF072FD622D28B2400973DE1 /* switch */,
				EF072FD922D28B2400973DE1 /* space */,
			);
			path = Components;
			sourceTree = "<group>";
		};
		EF072FBC22D28B2400973DE1 /* label */ = {
			isa = PBXGroup;
			children = (
				EF072FBD22D28B2400973DE1 /* JasonLabelComponent.h */,
				EF072FBE22D28B2400973DE1 /* JasonLabelComponent.m */,
			);
			path = label;
			sourceTree = "<group>";
		};
		EF072FBF22D28B2400973DE1 /* textfield */ = {
			isa = PBXGroup;
			children = (
				EF072FC022D28B2400973DE1 /* JasonTextfieldComponent.m */,
				EF072FC122D28B2400973DE1 /* JasonTextfieldComponent.h */,
			);
			path = textfield;
			sourceTree = "<group>";
		};
		EF072FC222D28B2400973DE1 /* slider */ = {
			isa = PBXGroup;
			children = (
				EF072FC322D28B2400973DE1 /* JasonSliderComponent.m */,
				EF072FC422D28B2400973DE1 /* JasonSliderComponent.h */,
			);
			path = slider;
			sourceTree = "<group>";
		};
		EF072FC522D28B2400973DE1 /* html */ = {
			isa = PBXGroup;
			children = (
				EF072FC622D28B2400973DE1 /* JasonHtmlComponent.m */,
				EF072FC722D28B2400973DE1 /* JasonHtmlComponent.h */,
			);
			path = html;
			sourceTree = "<group>";
		};
		EF072FC822D28B2400973DE1 /* image */ = {
			isa = PBXGroup;
			children = (
				EF072FC922D28B2400973DE1 /* JasonImageComponent.h */,
				EF072FCA22D28B2400973DE1 /* JasonImageComponent.m */,
			);
			path = image;
			sourceTree = "<group>";
		};
		EF072FCB22D28B2400973DE1 /* map */ = {
			isa = PBXGroup;
			children = (
				EF072FCC22D28B2400973DE1 /* JasonMapComponent.h */,
				EF072FCD22D28B2400973DE1 /* JasonMapComponent.m */,
			);
			path = map;
			sourceTree = "<group>";
		};
		EF072FCE22D28B2400973DE1 /* textarea */ = {
			isa = PBXGroup;
			children = (
				EF072FCF22D28B2400973DE1 /* JasonTextareaComponent.m */,
				EF072FD022D28B2400973DE1 /* JasonTextareaComponent.h */,
			);
			path = textarea;
			sourceTree = "<group>";
		};
		EF072FD122D28B2400973DE1 /* button */ = {
			isa = PBXGroup;
			children = (
				EF072FD222D28B2400973DE1 /* NoPaddingButton.h */,
				EF072FD322D28B2400973DE1 /* JasonButtonComponent.m */,
				EF072FD422D28B2400973DE1 /* NoPaddingButton.m */,
				EF072FD522D28B2400973DE1 /* JasonButtonComponent.h */,
			);
			path = button;
			sourceTree = "<group>";
		};
		EF072FD622D28B2400973DE1 /* switch */ = {
			isa = PBXGroup;
			children = (
				EF072FD722D28B2400973DE1 /* JasonSwitchComponent.h */,
				EF072FD822D28B2400973DE1 /* JasonSwitchComponent.m */,
			);
			path = switch;
			sourceTree = "<group>";
		};
		EF072FD922D28B2400973DE1 /* space */ = {
			isa = PBXGroup;
			children = (
				EF072FDA22D28B2400973DE1 /* JasonSpaceComponent.m */,
				EF072FDB22D28B2400973DE1 /* JasonSpaceComponent.h */,
			);
			path = space;
			sourceTree = "<group>";
		};
		EF072FDC22D28B2400973DE1 /* Actions */ = {
			isa = PBXGroup;
			children = (
				EF072FDD22D28B2400973DE1 /* $geo */,
				EF072FE022D28B2400973DE1 /* $global */,
				EF072FE322D28B2400973DE1 /* $audio */,
				EF072FE622D28B2400973DE1 /* $network */,
				EF072FE922D28B2400973DE1 /* $push */,
				EF072FEC22D28B2400973DE1 /* $websocket */,
				EF072FEF22D28B2400973DE1 /* $media */,
				EF072FF522D28B2400973DE1 /* $util */,
				EF072FF822D28B2400973DE1 /* $return */,
				EF072FFB22D28B2400973DE1 /* $convert */,
				EF072FFE22D28B2400973DE1 /* $session */,
				EF07300122D28B2400973DE1 /* $script */,
				EF07300422D28B2400973DE1 /* $vision */,
				EF07300722D28B2400973DE1 /* $cache */,
				EF07300A22D28B2400973DE1 /* $oauth */,
				EF07300D22D28B2400973DE1 /* $notification */,
				EF07301022D28B2400973DE1 /* $timer */,
				EF07301322D28B2400973DE1 /* $log */,
				EF07301622D28B2400973DE1 /* $agent */,
			);
			path = Actions;
			sourceTree = "<group>";
		};
		EF072FDD22D28B2400973DE1 /* $geo */ = {
			isa = PBXGroup;
			children = (
				EF072FDE22D28B2400973DE1 /* JasonGeoAction.m */,
				EF072FDF22D28B2400973DE1 /* JasonGeoAction.h */,
			);
			path = $geo;
			sourceTree = "<group>";
		};
		EF072FE022D28B2400973DE1 /* $global */ = {
			isa = PBXGroup;
			children = (
				EF072FE122D28B2400973DE1 /* JasonGlobalAction.h */,
				EF072FE222D28B2400973DE1 /* JasonGlobalAction.m */,
			);
			path = $global;
			sourceTree = "<group>";
		};
		EF072FE322D28B2400973DE1 /* $audio */ = {
			isa = PBXGroup;
			children = (
				EF072FE422D28B2400973DE1 /* JasonAudioAction.h */,
				EF072FE522D28B2400973DE1 /* JasonAudioAction.m */,
			);
			path = $audio;
			sourceTree = "<group>";
		};
		EF072FE622D28B2400973DE1 /* $network */ = {
			isa = PBXGroup;
			children = (
				EF072FE722D28B2400973DE1 /* JasonNetworkAction.h */,
				EF072FE822D28B2400973DE1 /* JasonNetworkAction.m */,
			);
			path = $network;
			sourceTree = "<group>";
		};
		EF072FE922D28B2400973DE1 /* $push */ = {
			isa = PBXGroup;
			children = (
				EF072FEA22D28B2400973DE1 /* JasonPushAction.h */,
				EF072FEB22D28B2400973DE1 /* JasonPushAction.m */,
			);
			path = $push;
			sourceTree = "<group>";
		};
		EF072FEC22D28B2400973DE1 /* $websocket */ = {
			isa = PBXGroup;
			children = (
				EF072FED22D28B2400973DE1 /* JasonWebsocketAction.m */,
				EF072FEE22D28B2400973DE1 /* JasonWebsocketAction.h */,
			);
			path = $websocket;
			sourceTree = "<group>";
		};
		EF072FEF22D28B2400973DE1 /* $media */ = {
			isa = PBXGroup;
			children = (
				EF072FF022D28B2400973DE1 /* Picker */,
				EF072FF322D28B2400973DE1 /* JasonMediaAction.h */,
				EF072FF422D28B2400973DE1 /* JasonMediaAction.m */,
			);
			path = $media;
			sourceTree = "<group>";
		};
		EF072FF022D28B2400973DE1 /* Picker */ = {
			isa = PBXGroup;
			children = (
				EF072FF122D28B2400973DE1 /* JasonPortraitPicker.m */,
				EF072FF222D28B2400973DE1 /* JasonPortraitPicker.h */,
			);
			path = Picker;
			sourceTree = "<group>";
		};
		EF072FF522D28B2400973DE1 /* $util */ = {
			isa = PBXGroup;
			children = (
				EF072FF622D28B2400973DE1 /* JasonUtilAction.h */,
				EF072FF722D28B2400973DE1 /* JasonUtilAction.m */,
			);
			path = $util;
			sourceTree = "<group>";
		};
		EF072FF822D28B2400973DE1 /* $return */ = {
			isa = PBXGroup;
			children = (
				EF072FF922D28B2400973DE1 /* JasonReturnAction.m */,
				EF072FFA22D28B2400973DE1 /* JasonReturnAction.h */,
			);
			path = $return;
			sourceTree = "<group>";
		};
		EF072FFB22D28B2400973DE1 /* $convert */ = {
			isa = PBXGroup;
			children = (
				EF072FFC22D28B2400973DE1 /* JasonConvertAction.m */,
				EF072FFD22D28B2400973DE1 /* JasonConvertAction.h */,
			);
			path = $convert;
			sourceTree = "<group>";
		};
		EF072FFE22D28B2400973DE1 /* $session */ = {
			isa = PBXGroup;
			children = (
				EF072FFF22D28B2400973DE1 /* JasonSessionAction.m */,
				EF07300022D28B2400973DE1 /* JasonSessionAction.h */,
			);
			path = $session;
			sourceTree = "<group>";
		};
		EF07300122D28B2400973DE1 /* $script */ = {
			isa = PBXGroup;
			children = (
				EF07300222D28B2400973DE1 /* JasonScriptAction.m */,
				EF07300322D28B2400973DE1 /* JasonScriptAction.h */,
			);
			path = $script;
			sourceTree = "<group>";
		};
		EF07300422D28B2400973DE1 /* $vision */ = {
			isa = PBXGroup;
			children = (
				EF07300522D28B2400973DE1 /* JasonVisionAction.h */,
				EF07300622D28B2400973DE1 /* JasonVisionAction.m */,
			);
			path = $vision;
			sourceTree = "<group>";
		};
		EF07300722D28B2400973DE1 /* $cache */ = {
			isa = PBXGroup;
			children = (
				EF07300822D28B2400973DE1 /* JasonCacheAction.m */,
				EF07300922D28B2400973DE1 /* JasonCacheAction.h */,
			);
			path = $cache;
			sourceTree = "<group>";
		};
		EF07300A22D28B2400973DE1 /* $oauth */ = {
			isa = PBXGroup;
			children = (
				EF07300B22D28B2400973DE1 /* JasonOauthAction.h */,
				EF07300C22D28B2400973DE1 /* JasonOauthAction.m */,
			);
			path = $oauth;
			sourceTree = "<group>";
		};
		EF07300D22D28B2400973DE1 /* $notification */ = {
			isa = PBXGroup;
			children = (
				EF07300E22D28B2400973DE1 /* JasonNotificationAction.h */,
				EF07300F22D28B2400973DE1 /* JasonNotificationAction.m */,
			);
			path = $notification;
			sourceTree = "<group>";
		};
		EF07301022D28B2400973DE1 /* $timer */ = {
			isa = PBXGroup;
			children = (
				EF07301122D28B2400973DE1 /* JasonTimerAction.m */,
				EF07301222D28B2400973DE1 /* JasonTimerAction.h */,
			);
			path = $timer;
			sourceTree = "<group>";
		};
		EF07301322D28B2400973DE1 /* $log */ = {
			isa = PBXGroup;
			children = (
				EF07301422D28B2400973DE1 /* JasonLogAction.m */,
				EF07301522D28B2400973DE1 /* JasonLogAction.h */,
			);
			path = $log;
			sourceTree = "<group>";
		};
		EF07301622D28B2400973DE1 /* $agent */ = {
			isa = PBXGroup;
			children = (
				EF07301722D28B2400973DE1 /* JasonAgentAction.h */,
				EF07301822D28B2400973DE1 /* JasonAgentAction.m */,
			);
			path = $agent;
			sourceTree = "<group>";
		};
		EF07301922D28B2400973DE1 /* Views */ = {
			isa = PBXGroup;
			children = (
				EF07301A22D28B2400973DE1 /* Horizontal */,
				EF07302222D28B2400973DE1 /* Layout */,
				EF07302522D28B2400973DE1 /* Layer */,
				EF07302822D28B2400973DE1 /* Vertical */,
			);
			path = Views;
			sourceTree = "<group>";
		};
		EF07301A22D28B2400973DE1 /* Horizontal */ = {
			isa = PBXGroup;
			children = (
				EF07301B22D28B2400973DE1 /* JasonHorizontalSection.xib */,
				EF07301C22D28B2400973DE1 /* JasonHorizontalSection.m */,
				EF07301D22D28B2400973DE1 /* Item */,
				EF07302122D28B2400973DE1 /* JasonHorizontalSection.h */,
			);
			path = Horizontal;
			sourceTree = "<group>";
		};
		EF07301D22D28B2400973DE1 /* Item */ = {
			isa = PBXGroup;
			children = (
				EF07301E22D28B2400973DE1 /* JasonHorizontalSectionItem.m */,
				EF07301F22D28B2400973DE1 /* JasonHorizontalSectionItem.h */,
				EF07302022D28B2400973DE1 /* JasonHorizontalSectionItem.xib */,
			);
			path = Item;
			sourceTree = "<group>";
		};
		EF07302222D28B2400973DE1 /* Layout */ = {
			isa = PBXGroup;
			children = (
				EF07302322D28B2400973DE1 /* JasonLayout.m */,
				EF07302422D28B2400973DE1 /* JasonLayout.h */,
			);
			path = Layout;
			sourceTree = "<group>";
		};
		EF07302522D28B2400973DE1 /* Layer */ = {
			isa = PBXGroup;
			children = (
				EF07302622D28B2400973DE1 /* JasonLayer.m */,
				EF07302722D28B2400973DE1 /* JasonLayer.h */,
			);
			path = Layer;
			sourceTree = "<group>";
		};
		EF07302822D28B2400973DE1 /* Vertical */ = {
			isa = PBXGroup;
			children = (
				EF07302922D28B2400973DE1 /* Item */,
			);
			path = Vertical;
			sourceTree = "<group>";
		};
		EF07302922D28B2400973DE1 /* Item */ = {
			isa = PBXGroup;
			children = (
				EF07302A22D28B2400973DE1 /* JasonVerticalSectionItem.h */,
				EF07302B22D28B2400973DE1 /* JasonVerticalSectionItem.xib */,
				EF07302C22D28B2400973DE1 /* JasonVerticalSectionItem.m */,
			);
			path = Item;
			sourceTree = "<group>";
		};
		EF07302D22D28B2400973DE1 /* Services */ = {
			isa = PBXGroup;
			children = (
				EF07302E22D28B2400973DE1 /* $push */,
				EF07303122D28B2400973DE1 /* $websocket */,
				EF07303422D28B2400973DE1 /* $vision */,
				EF07303722D28B2400973DE1 /* $agent */,
			);
			path = Services;
			sourceTree = "<group>";
		};
		EF07302E22D28B2400973DE1 /* $push */ = {
			isa = PBXGroup;
			children = (
				EF07302F22D28B2400973DE1 /* JasonPushService.h */,
				EF07303022D28B2400973DE1 /* JasonPushService.m */,
			);
			path = $push;
			sourceTree = "<group>";
		};
		EF07303122D28B2400973DE1 /* $websocket */ = {
			isa = PBXGroup;
			children = (
				EF07303222D28B2400973DE1 /* JasonWebsocketService.h */,
				EF07303322D28B2400973DE1 /* JasonWebsocketService.m */,
			);
			path = $websocket;
			sourceTree = "<group>";
		};
		EF07303422D28B2400973DE1 /* $vision */ = {
			isa = PBXGroup;
			children = (
				EF07303522D28B2400973DE1 /* JasonVisionService.m */,
				EF07303622D28B2400973DE1 /* JasonVisionService.h */,
			);
			path = $vision;
			sourceTree = "<group>";
		};
		EF07303722D28B2400973DE1 /* $agent */ = {
			isa = PBXGroup;
			children = (
				EF07303822D28B2400973DE1 /* JasonAgentService.m */,
				EF07303922D28B2400973DE1 /* JasonAgentService.h */,
			);
			path = $agent;
			sourceTree = "<group>";
		};
		EF82979822D30A71003ED64B /* Extensions */ = {
			isa = PBXGroup;
			children = (
				EF82979922D30A71003ED64B /* jr.sample.json */,
				EF82979A22D30A71003ED64B /* README.md */,
			);
			path = Extensions;
			sourceTree = "<group>";
		};
/* End PBXGroup section */

/* Begin PBXNativeTarget section */
		5E3176581D1E400C00D87778 /* Jasonette */ = {
			isa = PBXNativeTarget;
			buildConfigurationList = 5E3176701D1E400C00D87778 /* Build configuration list for PBXNativeTarget "Jasonette" */;
			buildPhases = (
				2358BCC5070D5513080379E3 /* [CP] Check Pods Manifest.lock */,
				5E3176551D1E400C00D87778 /* Sources */,
				5E3176561D1E400C00D87778 /* Frameworks */,
				5E3176571D1E400C00D87778 /* Resources */,
				63FB79939C3EFA5C13310B2B /* [CP] Embed Pods Frameworks */,
			);
			buildRules = (
			);
			dependencies = (
			);
			name = Jasonette;
			productName = Jasonette;
			productReference = 5E3176591D1E400C00D87778 /* Jasonette.app */;
			productType = "com.apple.product-type.application";
		};
/* End PBXNativeTarget section */

/* Begin PBXProject section */
		5E3176511D1E400C00D87778 /* Project object */ = {
			isa = PBXProject;
			attributes = {
				LastUpgradeCheck = 0800;
				ORGANIZATIONNAME = Jasonette;
				TargetAttributes = {
					5E3176581D1E400C00D87778 = {
						CreatedOnToolsVersion = 7.3;
						SystemCapabilities = {
							com.apple.BackgroundModes = {
								enabled = 0;
							};
							com.apple.Keychain = {
								enabled = 0;
							};
							com.apple.Maps.iOS = {
								enabled = 1;
							};
						};
					};
				};
			};
			buildConfigurationList = 5E3176541D1E400C00D87778 /* Build configuration list for PBXProject "Jasonette" */;
			compatibilityVersion = "Xcode 3.2";
			developmentRegion = English;
			hasScannedForEncodings = 0;
			knownRegions = (
				en,
				Base,
			);
			mainGroup = 5E3176501D1E400C00D87778;
			productRefGroup = 5E31765A1D1E400C00D87778 /* Products */;
			projectDirPath = "";
			projectRoot = "";
			targets = (
				5E3176581D1E400C00D87778 /* Jasonette */,
			);
		};
/* End PBXProject section */

/* Begin PBXResourcesBuildPhase section */
		5E3176571D1E400C00D87778 /* Resources */ = {
			isa = PBXResourcesBuildPhase;
			buildActionMask = 2147483647;
			files = (
				EF07304222D28B2400973DE1 /* README.md in Resources */,
				EF07305722D28B2400973DE1 /* icon-success@2x.png in Resources */,
				EF07306022D28B2400973DE1 /* preload.json in Resources */,
				EF07305922D28B2400973DE1 /* icon-success.png in Resources */,
				EF07305022D28B2400973DE1 /* placeholder@2x.png in Resources */,
				EF07303B22D28B2400973DE1 /* hello.json in Resources */,
				EF07305D22D28B2400973DE1 /* csv.js in Resources */,
				EF07305A22D28B2400973DE1 /* st.js in Resources */,
				EF07308A22D28B2400973DE1 /* JasonVerticalSectionItem.xib in Resources */,
				EF07305522D28B2400973DE1 /* more@2x.png in Resources */,
				EF07305422D28B2400973DE1 /* icon-info.png in Resources */,
				EF07305222D28B2400973DE1 /* icon-info@2x.png in Resources */,
				EF07303D22D28B2400973DE1 /* LaunchScreen.storyboard in Resources */,
				EF07303C22D28B2400973DE1 /* Media.xcassets in Resources */,
				EF07305B22D28B2400973DE1 /* rss.js in Resources */,
				EF82979C22D30A71003ED64B /* README.md in Resources */,
				EF07305622D28B2400973DE1 /* Next@2x.png in Resources */,
				EF07305E22D28B2400973DE1 /* agent.js in Resources */,
				EF07305122D28B2400973DE1 /* placeholderr@2x.png in Resources */,
				EF07305C22D28B2400973DE1 /* xhtml.js in Resources */,
				EF07305F22D28B2400973DE1 /* error.json in Resources */,
				EF82979B22D30A71003ED64B /* jr.sample.json in Resources */,
				EF07303A22D28B2400973DE1 /* settings.plist in Resources */,
				EF07308422D28B2400973DE1 /* JasonHorizontalSection.xib in Resources */,
				EF07308722D28B2400973DE1 /* JasonHorizontalSectionItem.xib in Resources */,
				EF07305322D28B2400973DE1 /* icon-error.png in Resources */,
				EF07305822D28B2400973DE1 /* icon-error@2x.png in Resources */,
			);
			runOnlyForDeploymentPostprocessing = 0;
		};
/* End PBXResourcesBuildPhase section */

/* Begin PBXShellScriptBuildPhase section */
		2358BCC5070D5513080379E3 /* [CP] Check Pods Manifest.lock */ = {
			isa = PBXShellScriptBuildPhase;
			buildActionMask = 2147483647;
			files = (
			);
			inputPaths = (
				"${PODS_PODFILE_DIR_PATH}/Podfile.lock",
				"${PODS_ROOT}/Manifest.lock",
			);
			name = "[CP] Check Pods Manifest.lock";
			outputPaths = (
				"$(DERIVED_FILE_DIR)/Pods-Jasonette-checkManifestLockResult.txt",
			);
			runOnlyForDeploymentPostprocessing = 0;
			shellPath = /bin/sh;
			shellScript = "diff \"${PODS_PODFILE_DIR_PATH}/Podfile.lock\" \"${PODS_ROOT}/Manifest.lock\" > /dev/null\nif [ $? != 0 ] ; then\n    # print error to STDERR\n    echo \"error: The sandbox is not in sync with the Podfile.lock. Run 'pod install' or update your CocoaPods installation.\" >&2\n    exit 1\nfi\n# This output is used by Xcode 'outputs' to avoid re-running this script phase.\necho \"SUCCESS\" > \"${SCRIPT_OUTPUT_FILE_0}\"\n";
			showEnvVarsInLog = 0;
		};
		63FB79939C3EFA5C13310B2B /* [CP] Embed Pods Frameworks */ = {
			isa = PBXShellScriptBuildPhase;
			buildActionMask = 2147483647;
			files = (
			);
			inputPaths = (
				"${SRCROOT}/Pods/Target Support Files/Pods-Jasonette/Pods-Jasonette-frameworks.sh",
				"${BUILT_PRODUCTS_DIR}/AFNetworking/AFNetworking.framework",
				"${BUILT_PRODUCTS_DIR}/AFOAuth2Manager/AFOAuth2Manager.framework",
				"${BUILT_PRODUCTS_DIR}/AHKActionSheet/AHKActionSheet.framework",
				"${BUILT_PRODUCTS_DIR}/APAddressBook/APAddressBook.framework",
				"${BUILT_PRODUCTS_DIR}/BBBadgeBarButtonItem/BBBadgeBarButtonItem.framework",
				"${BUILT_PRODUCTS_DIR}/CYRTextView/CYRTextView.framework",
				"${BUILT_PRODUCTS_DIR}/DAKeyboardControl/DAKeyboardControl.framework",
				"${BUILT_PRODUCTS_DIR}/DHSmartScreenshot/DHSmartScreenshot.framework",
				"${BUILT_PRODUCTS_DIR}/DTCoreText/DTCoreText.framework",
				"${BUILT_PRODUCTS_DIR}/DTFoundation/DTFoundation.framework",
				"${BUILT_PRODUCTS_DIR}/FLEX/FLEX.framework",
				"${BUILT_PRODUCTS_DIR}/FreeStreamer/FreeStreamer.framework",
				"${BUILT_PRODUCTS_DIR}/HMSegmentedControl/HMSegmentedControl.framework",
				"${BUILT_PRODUCTS_DIR}/INTULocationManager/INTULocationManager.framework",
				"${BUILT_PRODUCTS_DIR}/IQAudioRecorderController/IQAudioRecorderController.framework",
				"${BUILT_PRODUCTS_DIR}/JDStatusBarNotification/JDStatusBarNotification.framework",
				"${BUILT_PRODUCTS_DIR}/JSCoreBom/JSCoreBom.framework",
				"${BUILT_PRODUCTS_DIR}/MBProgressHUD/MBProgressHUD.framework",
				"${BUILT_PRODUCTS_DIR}/NSGIF/NSGIF.framework",
				"${BUILT_PRODUCTS_DIR}/NSHash/NSHash.framework",
				"${BUILT_PRODUCTS_DIR}/OMGHTTPURLRQ/OMGHTTPURLRQ.framework",
				"${BUILT_PRODUCTS_DIR}/PHFComposeBarView/PHFComposeBarView.framework",
				"${BUILT_PRODUCTS_DIR}/PHFDelegateChain/PHFDelegateChain.framework",
				"${BUILT_PRODUCTS_DIR}/REMenu/REMenu.framework",
				"${BUILT_PRODUCTS_DIR}/RMActionController/RMActionController.framework",
				"${BUILT_PRODUCTS_DIR}/RMDateSelectionViewController/RMDateSelectionViewController.framework",
				"${BUILT_PRODUCTS_DIR}/Reachability/Reachability.framework",
				"${BUILT_PRODUCTS_DIR}/SBJson/SBJson.framework",
				"${BUILT_PRODUCTS_DIR}/SCSiriWaveformView/SCSiriWaveformView.framework",
				"${BUILT_PRODUCTS_DIR}/SDWebImage/SDWebImage.framework",
				"${BUILT_PRODUCTS_DIR}/SWFrameButton/SWFrameButton.framework",
				"${BUILT_PRODUCTS_DIR}/SWTableViewCell/SWTableViewCell.framework",
				"${BUILT_PRODUCTS_DIR}/SZTextView/SZTextView.framework",
				"${BUILT_PRODUCTS_DIR}/SocketRocket/SocketRocket.framework",
				"${BUILT_PRODUCTS_DIR}/TDOAuth/TDOAuth.framework",
				"${BUILT_PRODUCTS_DIR}/TTTAttributedLabel/TTTAttributedLabel.framework",
				"${BUILT_PRODUCTS_DIR}/TWMessageBarManager/TWMessageBarManager.framework",
				"${BUILT_PRODUCTS_DIR}/UICKeyChainStore/UICKeyChainStore.framework",
				"${BUILT_PRODUCTS_DIR}/libPhoneNumber-iOS/libPhoneNumber_iOS.framework",
			);
			name = "[CP] Embed Pods Frameworks";
			outputPaths = (
				"${TARGET_BUILD_DIR}/${FRAMEWORKS_FOLDER_PATH}/AFNetworking.framework",
				"${TARGET_BUILD_DIR}/${FRAMEWORKS_FOLDER_PATH}/AFOAuth2Manager.framework",
				"${TARGET_BUILD_DIR}/${FRAMEWORKS_FOLDER_PATH}/AHKActionSheet.framework",
				"${TARGET_BUILD_DIR}/${FRAMEWORKS_FOLDER_PATH}/APAddressBook.framework",
				"${TARGET_BUILD_DIR}/${FRAMEWORKS_FOLDER_PATH}/BBBadgeBarButtonItem.framework",
				"${TARGET_BUILD_DIR}/${FRAMEWORKS_FOLDER_PATH}/CYRTextView.framework",
				"${TARGET_BUILD_DIR}/${FRAMEWORKS_FOLDER_PATH}/DAKeyboardControl.framework",
				"${TARGET_BUILD_DIR}/${FRAMEWORKS_FOLDER_PATH}/DHSmartScreenshot.framework",
				"${TARGET_BUILD_DIR}/${FRAMEWORKS_FOLDER_PATH}/DTCoreText.framework",
				"${TARGET_BUILD_DIR}/${FRAMEWORKS_FOLDER_PATH}/DTFoundation.framework",
				"${TARGET_BUILD_DIR}/${FRAMEWORKS_FOLDER_PATH}/FLEX.framework",
				"${TARGET_BUILD_DIR}/${FRAMEWORKS_FOLDER_PATH}/FreeStreamer.framework",
				"${TARGET_BUILD_DIR}/${FRAMEWORKS_FOLDER_PATH}/HMSegmentedControl.framework",
				"${TARGET_BUILD_DIR}/${FRAMEWORKS_FOLDER_PATH}/INTULocationManager.framework",
				"${TARGET_BUILD_DIR}/${FRAMEWORKS_FOLDER_PATH}/IQAudioRecorderController.framework",
				"${TARGET_BUILD_DIR}/${FRAMEWORKS_FOLDER_PATH}/JDStatusBarNotification.framework",
				"${TARGET_BUILD_DIR}/${FRAMEWORKS_FOLDER_PATH}/JSCoreBom.framework",
				"${TARGET_BUILD_DIR}/${FRAMEWORKS_FOLDER_PATH}/MBProgressHUD.framework",
				"${TARGET_BUILD_DIR}/${FRAMEWORKS_FOLDER_PATH}/NSGIF.framework",
				"${TARGET_BUILD_DIR}/${FRAMEWORKS_FOLDER_PATH}/NSHash.framework",
				"${TARGET_BUILD_DIR}/${FRAMEWORKS_FOLDER_PATH}/OMGHTTPURLRQ.framework",
				"${TARGET_BUILD_DIR}/${FRAMEWORKS_FOLDER_PATH}/PHFComposeBarView.framework",
				"${TARGET_BUILD_DIR}/${FRAMEWORKS_FOLDER_PATH}/PHFDelegateChain.framework",
				"${TARGET_BUILD_DIR}/${FRAMEWORKS_FOLDER_PATH}/REMenu.framework",
				"${TARGET_BUILD_DIR}/${FRAMEWORKS_FOLDER_PATH}/RMActionController.framework",
				"${TARGET_BUILD_DIR}/${FRAMEWORKS_FOLDER_PATH}/RMDateSelectionViewController.framework",
				"${TARGET_BUILD_DIR}/${FRAMEWORKS_FOLDER_PATH}/Reachability.framework",
				"${TARGET_BUILD_DIR}/${FRAMEWORKS_FOLDER_PATH}/SBJson.framework",
				"${TARGET_BUILD_DIR}/${FRAMEWORKS_FOLDER_PATH}/SCSiriWaveformView.framework",
				"${TARGET_BUILD_DIR}/${FRAMEWORKS_FOLDER_PATH}/SDWebImage.framework",
				"${TARGET_BUILD_DIR}/${FRAMEWORKS_FOLDER_PATH}/SWFrameButton.framework",
				"${TARGET_BUILD_DIR}/${FRAMEWORKS_FOLDER_PATH}/SWTableViewCell.framework",
				"${TARGET_BUILD_DIR}/${FRAMEWORKS_FOLDER_PATH}/SZTextView.framework",
				"${TARGET_BUILD_DIR}/${FRAMEWORKS_FOLDER_PATH}/SocketRocket.framework",
				"${TARGET_BUILD_DIR}/${FRAMEWORKS_FOLDER_PATH}/TDOAuth.framework",
				"${TARGET_BUILD_DIR}/${FRAMEWORKS_FOLDER_PATH}/TTTAttributedLabel.framework",
				"${TARGET_BUILD_DIR}/${FRAMEWORKS_FOLDER_PATH}/TWMessageBarManager.framework",
				"${TARGET_BUILD_DIR}/${FRAMEWORKS_FOLDER_PATH}/UICKeyChainStore.framework",
				"${TARGET_BUILD_DIR}/${FRAMEWORKS_FOLDER_PATH}/libPhoneNumber_iOS.framework",
			);
			runOnlyForDeploymentPostprocessing = 0;
			shellPath = /bin/sh;
			shellScript = "\"${SRCROOT}/Pods/Target Support Files/Pods-Jasonette/Pods-Jasonette-frameworks.sh\"\n";
			showEnvVarsInLog = 0;
		};
/* End PBXShellScriptBuildPhase section */

/* Begin PBXSourcesBuildPhase section */
		5E3176551D1E400C00D87778 /* Sources */ = {
			isa = PBXSourcesBuildPhase;
			buildActionMask = 2147483647;
			files = (
				EF07304622D28B2400973DE1 /* JasonParser.m in Sources */,
				EF07304722D28B2400973DE1 /* JasonComponent.m in Sources */,
				EF07307D22D28B2400973DE1 /* JasonVisionAction.m in Sources */,
				EF07306822D28B2400973DE1 /* JasonHtmlComponent.m in Sources */,
				EF07308622D28B2400973DE1 /* JasonHorizontalSectionItem.m in Sources */,
				EF07304D22D28B2400973DE1 /* JasonStack.m in Sources */,
				EF07304822D28B2400973DE1 /* UIView+JasonComponentPayload.m in Sources */,
				EF07307422D28B2400973DE1 /* JasonPushAction.m in Sources */,
				EF07308322D28B2400973DE1 /* JasonAgentAction.m in Sources */,
				EF07304322D28B2400973DE1 /* JasonMemory.m in Sources */,
				EF07306A22D28B2400973DE1 /* JasonMapComponent.m in Sources */,
				EF07304A22D28B2400973DE1 /* JasonAction.m in Sources */,
				EF07304522D28B2400973DE1 /* JasonNetworking.m in Sources */,
				EF07307622D28B2400973DE1 /* JasonPortraitPicker.m in Sources */,
				EF07307822D28B2400973DE1 /* JasonUtilAction.m in Sources */,
				EF07306E22D28B2400973DE1 /* JasonSwitchComponent.m in Sources */,
				EF07307A22D28B2400973DE1 /* JasonConvertAction.m in Sources */,
				EF07308F22D28B2400973DE1 /* JasonAgentService.m in Sources */,
				EF07306922D28B2400973DE1 /* JasonImageComponent.m in Sources */,
				EF07307F22D28B2400973DE1 /* JasonOauthAction.m in Sources */,
				EF07308D22D28B2400973DE1 /* JasonWebsocketService.m in Sources */,
				EF07307E22D28B2400973DE1 /* JasonCacheAction.m in Sources */,
				EF07307322D28B2400973DE1 /* JasonNetworkAction.m in Sources */,
				EF07304122D28B2400973DE1 /* JasonLogger.m in Sources */,
				EF07308222D28B2400973DE1 /* JasonLogAction.m in Sources */,
				EF07306122D28B2400973DE1 /* JasonHelper.m in Sources */,
				EF07306622D28B2400973DE1 /* JasonTextfieldComponent.m in Sources */,
				EF07304922D28B2400973DE1 /* JasonComponentFactory.m in Sources */,
				EF07304C22D28B2400973DE1 /* JasonAppDelegate.m in Sources */,
				EF07308822D28B2400973DE1 /* JasonLayout.m in Sources */,
				EF07308122D28B2400973DE1 /* JasonTimerAction.m in Sources */,
				EF07307222D28B2400973DE1 /* JasonAudioAction.m in Sources */,
				EF07306C22D28B2400973DE1 /* JasonButtonComponent.m in Sources */,
				EF07306722D28B2400973DE1 /* JasonSliderComponent.m in Sources */,
				EF07308C22D28B2400973DE1 /* JasonPushService.m in Sources */,
				EF07304422D28B2400973DE1 /* JASONResponseSerializer.m in Sources */,
				EF07306322D28B2400973DE1 /* JasonOptionHelper.m in Sources */,
				EF07306222D28B2400973DE1 /* JasonNSClassFromString.m in Sources */,
				EF07308522D28B2400973DE1 /* JasonHorizontalSection.m in Sources */,
				EF07307522D28B2400973DE1 /* JasonWebsocketAction.m in Sources */,
				EF07307122D28B2400973DE1 /* JasonGlobalAction.m in Sources */,
				EF07308B22D28B2400973DE1 /* JasonVerticalSectionItem.m in Sources */,
				EF07308E22D28B2400973DE1 /* JasonVisionService.m in Sources */,
				EF07304B22D28B2400973DE1 /* Jason.m in Sources */,
				EF07303F22D28B2400973DE1 /* AppDelegate.m in Sources */,
				EF07306D22D28B2400973DE1 /* NoPaddingButton.m in Sources */,
				EF07306F22D28B2400973DE1 /* JasonSpaceComponent.m in Sources */,
				EF07308022D28B2400973DE1 /* JasonNotificationAction.m in Sources */,
				EF07307922D28B2400973DE1 /* JasonReturnAction.m in Sources */,
				EF07306422D28B2400973DE1 /* NSObject+JSONPayload.m in Sources */,
				EF07303E22D28B2400973DE1 /* main.m in Sources */,
				EF07307C22D28B2400973DE1 /* JasonScriptAction.m in Sources */,
				EF07306B22D28B2400973DE1 /* JasonTextareaComponent.m in Sources */,
				EF07307722D28B2400973DE1 /* JasonMediaAction.m in Sources */,
				EF07304F22D28B2400973DE1 /* UIBarButtonItem+Badge.m in Sources */,
				EF07307B22D28B2400973DE1 /* JasonSessionAction.m in Sources */,
				EF07306522D28B2400973DE1 /* JasonLabelComponent.m in Sources */,
				EF07304E22D28B2400973DE1 /* JasonViewController.m in Sources */,
				EF07308922D28B2400973DE1 /* JasonLayer.m in Sources */,
				EF07307022D28B2400973DE1 /* JasonGeoAction.m in Sources */,
			);
			runOnlyForDeploymentPostprocessing = 0;
		};
/* End PBXSourcesBuildPhase section */

/* Begin XCBuildConfiguration section */
		5E31766E1D1E400C00D87778 /* Debug */ = {
			isa = XCBuildConfiguration;
			buildSettings = {
				ALWAYS_SEARCH_USER_PATHS = NO;
				CLANG_ANALYZER_NONNULL = YES;
				CLANG_CXX_LANGUAGE_STANDARD = "gnu++0x";
				CLANG_CXX_LIBRARY = "libc++";
				CLANG_ENABLE_MODULES = YES;
				CLANG_ENABLE_OBJC_ARC = YES;
				CLANG_WARN_BOOL_CONVERSION = YES;
				CLANG_WARN_CONSTANT_CONVERSION = YES;
				CLANG_WARN_DIRECT_OBJC_ISA_USAGE = YES_ERROR;
				CLANG_WARN_EMPTY_BODY = YES;
				CLANG_WARN_ENUM_CONVERSION = YES;
				CLANG_WARN_INFINITE_RECURSION = YES;
				CLANG_WARN_INT_CONVERSION = YES;
				CLANG_WARN_OBJC_ROOT_CLASS = YES_ERROR;
				CLANG_WARN_SUSPICIOUS_MOVE = YES;
				CLANG_WARN_UNREACHABLE_CODE = YES;
				CLANG_WARN__DUPLICATE_METHOD_MATCH = YES;
				"CODE_SIGN_IDENTITY[sdk=iphoneos*]" = "iPhone Developer";
				COPY_PHASE_STRIP = NO;
				DEBUG_INFORMATION_FORMAT = dwarf;
				ENABLE_STRICT_OBJC_MSGSEND = YES;
				ENABLE_TESTABILITY = YES;
				GCC_C_LANGUAGE_STANDARD = gnu99;
				GCC_DYNAMIC_NO_PIC = NO;
				GCC_NO_COMMON_BLOCKS = YES;
				GCC_OPTIMIZATION_LEVEL = 0;
				GCC_PREPROCESSOR_DEFINITIONS = (
					"DEBUG=1",
					"$(inherited)",
				);
				GCC_WARN_64_TO_32_BIT_CONVERSION = YES;
				GCC_WARN_ABOUT_RETURN_TYPE = YES_ERROR;
				GCC_WARN_UNDECLARED_SELECTOR = YES;
				GCC_WARN_UNINITIALIZED_AUTOS = YES_AGGRESSIVE;
				GCC_WARN_UNUSED_FUNCTION = YES;
				GCC_WARN_UNUSED_VARIABLE = YES;
				IPHONEOS_DEPLOYMENT_TARGET = 9.3;
				MTL_ENABLE_DEBUG_INFO = YES;
				ONLY_ACTIVE_ARCH = YES;
				SDKROOT = iphoneos;
				TARGETED_DEVICE_FAMILY = "1,2";
			};
			name = Debug;
		};
		5E31766F1D1E400C00D87778 /* Release */ = {
			isa = XCBuildConfiguration;
			buildSettings = {
				ALWAYS_SEARCH_USER_PATHS = NO;
				CLANG_ANALYZER_NONNULL = YES;
				CLANG_CXX_LANGUAGE_STANDARD = "gnu++0x";
				CLANG_CXX_LIBRARY = "libc++";
				CLANG_ENABLE_MODULES = YES;
				CLANG_ENABLE_OBJC_ARC = YES;
				CLANG_WARN_BOOL_CONVERSION = YES;
				CLANG_WARN_CONSTANT_CONVERSION = YES;
				CLANG_WARN_DIRECT_OBJC_ISA_USAGE = YES_ERROR;
				CLANG_WARN_EMPTY_BODY = YES;
				CLANG_WARN_ENUM_CONVERSION = YES;
				CLANG_WARN_INFINITE_RECURSION = YES;
				CLANG_WARN_INT_CONVERSION = YES;
				CLANG_WARN_OBJC_ROOT_CLASS = YES_ERROR;
				CLANG_WARN_SUSPICIOUS_MOVE = YES;
				CLANG_WARN_UNREACHABLE_CODE = YES;
				CLANG_WARN__DUPLICATE_METHOD_MATCH = YES;
				"CODE_SIGN_IDENTITY[sdk=iphoneos*]" = "iPhone Developer";
				COPY_PHASE_STRIP = NO;
				DEBUG_INFORMATION_FORMAT = "dwarf-with-dsym";
				ENABLE_NS_ASSERTIONS = NO;
				ENABLE_STRICT_OBJC_MSGSEND = YES;
				GCC_C_LANGUAGE_STANDARD = gnu99;
				GCC_NO_COMMON_BLOCKS = YES;
				GCC_WARN_64_TO_32_BIT_CONVERSION = YES;
				GCC_WARN_ABOUT_RETURN_TYPE = YES_ERROR;
				GCC_WARN_UNDECLARED_SELECTOR = YES;
				GCC_WARN_UNINITIALIZED_AUTOS = YES_AGGRESSIVE;
				GCC_WARN_UNUSED_FUNCTION = YES;
				GCC_WARN_UNUSED_VARIABLE = YES;
				IPHONEOS_DEPLOYMENT_TARGET = 9.3;
				MTL_ENABLE_DEBUG_INFO = NO;
				SDKROOT = iphoneos;
				TARGETED_DEVICE_FAMILY = "1,2";
				VALIDATE_PRODUCT = YES;
			};
			name = Release;
		};
		5E3176711D1E400C00D87778 /* Debug */ = {
			isa = XCBuildConfiguration;
			baseConfigurationReference = BEB1DF488FABA35A255BC8E4 /* Pods-Jasonette.debug.xcconfig */;
			buildSettings = {
				ASSETCATALOG_COMPILER_APPICON_NAME = AppIcon;
				CODE_SIGN_IDENTITY = "";
				"CODE_SIGN_IDENTITY[sdk=iphoneos*]" = "iPhone Developer";
				DEVELOPMENT_TEAM = "";
				ENABLE_BITCODE = NO;
				FRAMEWORK_SEARCH_PATHS = (
					"$(inherited)",
					"$(PROJECT_DIR)",
				);
				INFOPLIST_FILE = Jasonette/Info.plist;
				LD_RUNPATH_SEARCH_PATHS = "$(inherited) @executable_path/Frameworks";
				OTHER_CFLAGS = (
					"$(inherited)",
					"-iquote",
					"\"${PODS_CONFIGURATION_BUILD_DIR}/AFNetworking/AFNetworking.framework/Headers\"",
					"-iquote",
					"\"${PODS_CONFIGURATION_BUILD_DIR}/AFOAuth2Manager/AFOAuth2Manager.framework/Headers\"",
					"-iquote",
					"\"${PODS_CONFIGURATION_BUILD_DIR}/AHKActionSheet/AHKActionSheet.framework/Headers\"",
					"-iquote",
					"\"${PODS_CONFIGURATION_BUILD_DIR}/APAddressBook/APAddressBook.framework/Headers\"",
					"-iquote",
					"\"${PODS_CONFIGURATION_BUILD_DIR}/BBBadgeBarButtonItem/BBBadgeBarButtonItem.framework/Headers\"",
					"-iquote",
					"\"${PODS_CONFIGURATION_BUILD_DIR}/CYRTextView/CYRTextView.framework/Headers\"",
					"-iquote",
					"\"${PODS_CONFIGURATION_BUILD_DIR}/DAKeyboardControl/DAKeyboardControl.framework/Headers\"",
					"-iquote",
					"\"${PODS_CONFIGURATION_BUILD_DIR}/DHSmartScreenshot/DHSmartScreenshot.framework/Headers\"",
					"-iquote",
					"\"${PODS_CONFIGURATION_BUILD_DIR}/DTCoreText/DTCoreText.framework/Headers\"",
					"-iquote",
					"\"${PODS_CONFIGURATION_BUILD_DIR}/DTFoundation/DTFoundation.framework/Headers\"",
					"-iquote",
					"\"${PODS_CONFIGURATION_BUILD_DIR}/FLEX/FLEX.framework/Headers\"",
					"-iquote",
					"\"${PODS_CONFIGURATION_BUILD_DIR}/FreeStreamer/FreeStreamer.framework/Headers\"",
					"-iquote",
					"\"${PODS_CONFIGURATION_BUILD_DIR}/HMSegmentedControl/HMSegmentedControl.framework/Headers\"",
					"-iquote",
					"\"${PODS_CONFIGURATION_BUILD_DIR}/INTULocationManager/INTULocationManager.framework/Headers\"",
					"-iquote",
					"\"${PODS_CONFIGURATION_BUILD_DIR}/IQAudioRecorderController/IQAudioRecorderController.framework/Headers\"",
					"-iquote",
					"\"${PODS_CONFIGURATION_BUILD_DIR}/JDStatusBarNotification/JDStatusBarNotification.framework/Headers\"",
					"-iquote",
					"\"${PODS_CONFIGURATION_BUILD_DIR}/JSCoreBom/JSCoreBom.framework/Headers\"",
					"-iquote",
					"\"${PODS_CONFIGURATION_BUILD_DIR}/MBProgressHUD/MBProgressHUD.framework/Headers\"",
					"-iquote",
					"\"${PODS_CONFIGURATION_BUILD_DIR}/NSGIF/NSGIF.framework/Headers\"",
					"-iquote",
					"\"${PODS_CONFIGURATION_BUILD_DIR}/NSHash/NSHash.framework/Headers\"",
					"-iquote",
					"\"${PODS_CONFIGURATION_BUILD_DIR}/OMGHTTPURLRQ/OMGHTTPURLRQ.framework/Headers\"",
					"-iquote",
					"\"${PODS_CONFIGURATION_BUILD_DIR}/PHFComposeBarView/PHFComposeBarView.framework/Headers\"",
					"-iquote",
					"\"${PODS_CONFIGURATION_BUILD_DIR}/PHFDelegateChain/PHFDelegateChain.framework/Headers\"",
					"-iquote",
					"\"${PODS_CONFIGURATION_BUILD_DIR}/REMenu/REMenu.framework/Headers\"",
					"-iquote",
					"\"${PODS_CONFIGURATION_BUILD_DIR}/RMActionController/RMActionController.framework/Headers\"",
					"-iquote",
					"\"${PODS_CONFIGURATION_BUILD_DIR}/RMDateSelectionViewController/RMDateSelectionViewController.framework/Headers\"",
					"-iquote",
					"\"${PODS_CONFIGURATION_BUILD_DIR}/Reachability/Reachability.framework/Headers\"",
					"-iquote",
					"\"${PODS_CONFIGURATION_BUILD_DIR}/SBJson/SBJson.framework/Headers\"",
					"-iquote",
					"\"${PODS_CONFIGURATION_BUILD_DIR}/SCSiriWaveformView/SCSiriWaveformView.framework/Headers\"",
					"-iquote",
					"\"${PODS_CONFIGURATION_BUILD_DIR}/SDWebImage/SDWebImage.framework/Headers\"",
					"-iquote",
					"\"${PODS_CONFIGURATION_BUILD_DIR}/SWFrameButton/SWFrameButton.framework/Headers\"",
					"-iquote",
					"\"${PODS_CONFIGURATION_BUILD_DIR}/SWTableViewCell/SWTableViewCell.framework/Headers\"",
					"-iquote",
					"\"${PODS_CONFIGURATION_BUILD_DIR}/SZTextView/SZTextView.framework/Headers\"",
					"-iquote",
					"\"${PODS_CONFIGURATION_BUILD_DIR}/SocketRocket/SocketRocket.framework/Headers\"",
					"-iquote",
					"\"${PODS_CONFIGURATION_BUILD_DIR}/TDOAuth/TDOAuth.framework/Headers\"",
					"-iquote",
					"\"${PODS_CONFIGURATION_BUILD_DIR}/TTTAttributedLabel/TTTAttributedLabel.framework/Headers\"",
					"-iquote",
					"\"${PODS_CONFIGURATION_BUILD_DIR}/TWMessageBarManager/TWMessageBarManager.framework/Headers\"",
					"-iquote",
					"\"${PODS_CONFIGURATION_BUILD_DIR}/UICKeyChainStore/UICKeyChainStore.framework/Headers\"",
					"-iquote",
					"\"${PODS_CONFIGURATION_BUILD_DIR}/libPhoneNumber-iOS/libPhoneNumber_iOS.framework/Headers\"",
					"-ferror-limit=0",
				);
				PRODUCT_BUNDLE_IDENTIFIER = com.jasonette.seed;
				PRODUCT_NAME = "$(TARGET_NAME)";
				PROVISIONING_PROFILE = "";
			};
			name = Debug;
		};
		5E3176721D1E400C00D87778 /* Release */ = {
			isa = XCBuildConfiguration;
			baseConfigurationReference = 1BD8E8486EE7AF4E4934685E /* Pods-Jasonette.release.xcconfig */;
			buildSettings = {
				ASSETCATALOG_COMPILER_APPICON_NAME = AppIcon;
				CODE_SIGN_IDENTITY = "";
				"CODE_SIGN_IDENTITY[sdk=iphoneos*]" = "iPhone Developer";
				DEVELOPMENT_TEAM = "";
				ENABLE_BITCODE = NO;
				FRAMEWORK_SEARCH_PATHS = (
					"$(inherited)",
					"$(PROJECT_DIR)",
				);
				INFOPLIST_FILE = Jasonette/Info.plist;
				LD_RUNPATH_SEARCH_PATHS = "$(inherited) @executable_path/Frameworks";
				PRODUCT_BUNDLE_IDENTIFIER = com.jasonette.seed;
				PRODUCT_NAME = "$(TARGET_NAME)";
			};
			name = Release;
		};
/* End XCBuildConfiguration section */

/* Begin XCConfigurationList section */
		5E3176541D1E400C00D87778 /* Build configuration list for PBXProject "Jasonette" */ = {
			isa = XCConfigurationList;
			buildConfigurations = (
				5E31766E1D1E400C00D87778 /* Debug */,
				5E31766F1D1E400C00D87778 /* Release */,
			);
			defaultConfigurationIsVisible = 0;
			defaultConfigurationName = Release;
		};
		5E3176701D1E400C00D87778 /* Build configuration list for PBXNativeTarget "Jasonette" */ = {
			isa = XCConfigurationList;
			buildConfigurations = (
				5E3176711D1E400C00D87778 /* Debug */,
				5E3176721D1E400C00D87778 /* Release */,
			);
			defaultConfigurationIsVisible = 0;
			defaultConfigurationName = Release;
		};
/* End XCConfigurationList section */
	};
	rootObject = 5E3176511D1E400C00D87778 /* Project object */;
}
