PODS:
  - AFNetworking (3.2.1):
    - AFNetworking/NSURLSession (= 3.2.1)
    - AFNetworking/Reachability (= 3.2.1)
    - AFNetworking/Security (= 3.2.1)
    - AFNetworking/Serialization (= 3.2.1)
    - AFNetworking/UIKit (= 3.2.1)
  - AFNetworking/NSURLSession (3.2.1):
    - AFNetworking/Reachability
    - AFNetworking/Security
    - AFNetworking/Serialization
  - AFNetworking/Reachability (3.2.1)
  - AFNetworking/Security (3.2.1)
  - AFNetworking/Serialization (3.2.1)
  - AFNetworking/UIKit (3.2.1):
    - AFNetworking/NSURLSession
  - AFOAuth2Manager (3.0.0):
    - AFNetworking/NSURLSession (~> 3.0)
  - AHKActionSheet (0.5.4)
  - APAddressBook (0.3.2):
    - APAddressBook/Core (= 0.3.2)
  - APAddressBook/Core (0.3.2)
  - BBBadgeBarButtonItem (1.2)
  - CYRTextView (0.4.0)
  - DAKeyboardControl (2.4.0)
  - DHSmartScreenshot (1.3.1)
  - DTCoreText (1.6.23):
    - DTCoreText/Core (= 1.6.23)
    - DTFoundation/Core (~> 1.7.5)
    - DTFoundation/DTAnimatedGIF (~> 1.7.5)
    - DTFoundation/DTHTMLParser (~> 1.7.5)
    - DTFoundation/UIKit (~> 1.7.5)
  - DTCoreText/Core (1.6.23):
    - DTFoundation/Core (~> 1.7.5)
    - DTFoundation/DTAnimatedGIF (~> 1.7.5)
    - DTFoundation/DTHTMLParser (~> 1.7.5)
    - DTFoundation/UIKit (~> 1.7.5)
  - DTFoundation (1.7.14):
    - DTFoundation/AppKit (= 1.7.14)
    - DTFoundation/Core (= 1.7.14)
    - DTFoundation/Debug (= 1.7.14)
    - DTFoundation/DTAnimatedGIF (= 1.7.14)
    - DTFoundation/DTASN1 (= 1.7.14)
    - DTFoundation/DTAsyncFileDeleter (= 1.7.14)
    - DTFoundation/DTAWS (= 1.7.14)
    - DTFoundation/DTHTMLParser (= 1.7.14)
    - DTFoundation/DTProgressHUD (= 1.7.14)
    - DTFoundation/DTReachability (= 1.7.14)
    - DTFoundation/DTScripting (= 1.7.14)
    - DTFoundation/DTSidePanel (= 1.7.14)
    - DTFoundation/DTSQLite (= 1.7.14)
    - DTFoundation/DTUTI (= 1.7.14)
    - DTFoundation/DTZipArchive (= 1.7.14)
    - DTFoundation/Runtime (= 1.7.14)
    - DTFoundation/UIKit (= 1.7.14)
    - DTFoundation/UIKit_BlocksAdditions (= 1.7.14)
  - DTFoundation/Core (1.7.14)
  - DTFoundation/Debug (1.7.14):
    - DTFoundation/Core
    - DTFoundation/Runtime
  - DTFoundation/DTAnimatedGIF (1.7.14)
  - DTFoundation/DTASN1 (1.7.14):
    - DTFoundation/Core
  - DTFoundation/DTAsyncFileDeleter (1.7.14):
    - DTFoundation/Core
  - DTFoundation/DTAWS (1.7.14):
    - DTFoundation/Core
  - DTFoundation/DTHTMLParser (1.7.14):
    - DTFoundation/Core
  - DTFoundation/DTProgressHUD (1.7.14):
    - DTFoundation/Core
    - DTFoundation/UIKit
  - DTFoundation/DTReachability (1.7.14):
    - DTFoundation/Core
  - DTFoundation/DTScripting (1.7.14):
    - DTFoundation/Core
  - DTFoundation/DTSidePanel (1.7.14):
    - DTFoundation/UIKit
  - DTFoundation/DTSQLite (1.7.14):
    - DTFoundation/Core
  - DTFoundation/DTUTI (1.7.14)
  - DTFoundation/DTZipArchive (1.7.14):
    - DTFoundation/DTZipArchive/Minizip (= 1.7.14)
  - DTFoundation/DTZipArchive/Minizip (1.7.14)
  - DTFoundation/Runtime (1.7.14)
  - DTFoundation/UIKit (1.7.14):
    - DTFoundation/Core
  - DTFoundation/UIKit_BlocksAdditions (1.7.14):
    - DTFoundation/Core
  - FreeStreamer (4.0.0):
    - Reachability (~> 3.0)
  - HMSegmentedControl (1.5.5)
  - INTULocationManager (4.3.2)
  - IQAudioRecorderController (1.2.3):
    - SCSiriWaveformView
  - JDStatusBarNotification (1.6.1)
  - JSCoreBom (1.1.1)
  - libPhoneNumber-iOS (0.9.15)
  - MaterialComponents/ActivityIndicator (109.1.0):
    - MaterialComponents/Palettes
    - MaterialComponents/private/Application
    - MDFInternationalization
    - MotionAnimator (~> 2.0)
  - MaterialComponents/PageControl (109.1.0):
    - MDFInternationalization
  - MaterialComponents/Palettes (109.1.0)
  - MaterialComponents/private/Application (109.1.0)
  - MBProgressHUD (1.2.0)
  - MDFInternationalization (2.0.0)
  - MotionAnimator (2.8.1):
    - MotionInterchange (~> 1.6)
  - MotionInterchange (1.6.0)
  - NSGIF (1.2.4)
  - NSHash (1.2.0)
  - OMGHTTPURLRQ/UserAgent (3.2.4)
  - PHFComposeBarView (2.1.0):
    - PHFDelegateChain (~> 1.0)
  - PHFDelegateChain (1.0.1)
  - Reachability (3.2)
  - REMenu (1.10)
  - RMActionController (1.3.1)
  - RMDateSelectionViewController (2.3.1):
    - RMActionController (~> 1.3.1)
  - SBJson (4.0.5)
  - SCSiriWaveformView (1.1.1)
  - SDWebImage (5.7.3):
    - SDWebImage/Core (= 5.7.3)
  - SDWebImage/Core (5.7.3)
  - SocketRocket (0.5.1)
  - SWFrameButton (1.2.2)
  - SWTableViewCell (0.3.7)
  - SZTextView (1.3.0)
  - TDOAuth (1.4.2):
    - TDOAuth/ObjC (= 1.4.2)
  - TDOAuth/ObjC (1.4.2):
    - TDOAuth/Swift
  - TDOAuth/Swift (1.4.2):
    - OMGHTTPURLRQ/UserAgent
  - TTTAttributedLabel (2.0.0)
  - TWMessageBarManager (1.8.1)
  - UICKeyChainStore (2.2.0)

DEPENDENCIES:
  - AFNetworking
  - AFOAuth2Manager
  - AHKActionSheet
  - APAddressBook
  - BBBadgeBarButtonItem
  - CYRTextView
  - DAKeyboardControl
  - DHSmartScreenshot
  - DTCoreText (from `https://github.com/jasonelle/ios-pod-dtcoretext.git`, branch `jasonelle`)
  - DTFoundation
  - FreeStreamer (from `https://github.com/muhku/FreeStreamer.git`)
  - HMSegmentedControl
  - INTULocationManager
  - IQAudioRecorderController
  - JDStatusBarNotification
  - JSCoreBom (~> 1.1.1)
  - libPhoneNumber-iOS
  - MaterialComponents/ActivityIndicator
  - MaterialComponents/PageControl
  - MBProgressHUD (~> 1.0)
  - NSGIF (~> 1.0)
  - NSHash
  - PHFComposeBarView
  - Reachability
  - REMenu
  - RMDateSelectionViewController
  - SBJson (~> 4.0.2)
  - SDWebImage (from `https://github.com/jasonelle/ios-pod-sdwebimage.git`)
  - SocketRocket
  - SWFrameButton
  - SWTableViewCell (from `https://github.com/jasonelle/ios-pod-swtableviewcell.git`, branch `jasonelle`)
  - SZTextView
  - TDOAuth
  - TTTAttributedLabel
  - TWMessageBarManager
  - UICKeyChainStore

SPEC REPOS:
  trunk:
    - AFNetworking
    - AFOAuth2Manager
    - AHKActionSheet
    - APAddressBook
    - BBBadgeBarButtonItem
    - CYRTextView
    - DAKeyboardControl
    - DHSmartScreenshot
    - DTFoundation
    - HMSegmentedControl
    - INTULocationManager
    - IQAudioRecorderController
    - JDStatusBarNotification
    - JSCoreBom
    - libPhoneNumber-iOS
    - MaterialComponents
    - MBProgressHUD
    - MDFInternationalization
    - MotionAnimator
    - MotionInterchange
    - NSGIF
    - NSHash
    - OMGHTTPURLRQ
    - PHFComposeBarView
    - PHFDelegateChain
    - Reachability
    - REMenu
    - RMActionController
    - RMDateSelectionViewController
    - SBJson
    - SCSiriWaveformView
    - SocketRocket
    - SWFrameButton
    - SZTextView
    - TDOAuth
    - TTTAttributedLabel
    - TWMessageBarManager
    - UICKeyChainStore

EXTERNAL SOURCES:
  DTCoreText:
    :branch: jasonelle
    :git: https://github.com/jasonelle/ios-pod-dtcoretext.git
  FreeStreamer:
    :git: https://github.com/muhku/FreeStreamer.git
  SDWebImage:
    :git: https://github.com/jasonelle/ios-pod-sdwebimage.git
  SWTableViewCell:
    :branch: jasonelle
    :git: https://github.com/jasonelle/ios-pod-swtableviewcell.git

CHECKOUT OPTIONS:
  DTCoreText:
    :commit: 9fccb9b0de0b2eb40c6b33067b03f55f3803c153
    :git: https://github.com/jasonelle/ios-pod-dtcoretext.git
  FreeStreamer:
    :commit: 43be718aaaafd5dec5ec31aa713cff36af4ee414
    :git: https://github.com/muhku/FreeStreamer.git
  SDWebImage:
    :commit: 3d1abaee82808ea098860da49c836033e7fc74a2
    :git: https://github.com/jasonelle/ios-pod-sdwebimage.git
  SWTableViewCell:
    :commit: 1c8845e25f520c959391bd79dc6cf271e0cf9a44
    :git: https://github.com/jasonelle/ios-pod-swtableviewcell.git

SPEC CHECKSUMS:
  AFNetworking: b6f891fdfaed196b46c7a83cf209e09697b94057
  AFOAuth2Manager: 0566da1be64883e339813d411229fdc9a84dab7c
  AHKActionSheet: f0b312b5c689f72924d231c39dae140ecd5c1d46
  APAddressBook: e68ecaf95f2c323b625ae585a0d25fe505291286
  BBBadgeBarButtonItem: c2fbca0bff18e21b70defc9438a8a5048008e7ca
  CYRTextView: 1c1a4d708eee54ecad66b8ad42dbfe73083bdfce
  DAKeyboardControl: 9d9bca22a5cc3c1d3cc61e24fbd208c3e84a3d2d
  DHSmartScreenshot: ee749048bd7126c4826748f98df3a4adc6ad6c78
  DTCoreText: 67023bb51b26711d5f640c851f4845aea14c24c9
  DTFoundation: 25aa19bb7c6e225b1dfae195604fb8cf1da0ab4c
  FreeStreamer: 7e9c976045701ac2f7e9c14c17245203c37bf2ea
  HMSegmentedControl: f514c6dad47aa3065e0ed2e8046b73efc71221b9
  INTULocationManager: e5dc524611b0cd582f473bc56cc8c389adb2f338
  IQAudioRecorderController: 69a67c2e0b87bd8746cbb4de175fd7a0bf820009
  JDStatusBarNotification: 6052ca9a51ee0bb058f8dc09cf1d63554ef0f743
  JSCoreBom: 712590b897ecd74d9fa9cb0f16857491411c932b
  libPhoneNumber-iOS: 0a32a9525cf8744fe02c5206eb30d571e38f7d75
  MaterialComponents: 194731e6041c0f05798867af15389f261332c330
  MBProgressHUD: 3ee5efcc380f6a79a7cc9b363dd669c5e1ae7406
  MDFInternationalization: 010097556d6b09d2c4ea38e0820ea6d37be6a314
  MotionAnimator: ee16aa30567c5bae0fb2750c132915829cfaaf8a
  MotionInterchange: ead0e3ae1f3a5fb539e289debbc7ae036160a10d
  NSGIF: 442808fd1667ebac3d09046c3f6d4bdd6720cded
  NSHash: 036c03781d372c288d332b512b203e7bb832e46e
  OMGHTTPURLRQ: 9ac96bdf5c90a33f75836630729ea1adc312a9ed
  PHFComposeBarView: 6382ab846e2f4d8634273c4a78d074bc5deed07f
  PHFDelegateChain: 491f9cd8a3fb8761f390ff05f74a0e168d48d285
  Reachability: 33e18b67625424e47b6cde6d202dce689ad7af96
  REMenu: 30dad195930adf6c5eeb8041e3257aa60bf9fa49
  RMActionController: 535715be9f3d9eb96a838485370dcccee0dda597
  RMDateSelectionViewController: 1157d34245e6a1dda700e8a9c44417321d181951
  SBJson: af3137ccda22be3004487524da0a071c75d4251b
  SCSiriWaveformView: 15b9dd6f94c7536e2032b34a35c6ff74d38c7411
  SDWebImage: 9fb8190491434d2652530112fa88a99b48b3364b
  SocketRocket: d57c7159b83c3c6655745cd15302aa24b6bae531
  SWFrameButton: cd3cc4a8961e8975f4800c0f6d1d3c54c213eb87
  SWTableViewCell: 2a94aadc9d47b2b611fa064566bf57948b95b579
  SZTextView: 094dc6acc9beec537685c545d6e3e0d4975174e1
  TDOAuth: 510b91042b00f9c0d953bb68775fde0a70461766
  TTTAttributedLabel: 8cffe8e127e4e82ff3af1e5386d4cd0ad000b656
  TWMessageBarManager: fd84e7948ba7968a2b5d9454859135761214ec56
  UICKeyChainStore: 6a218644594e12f855ec2a10f4fc576c1a69daee

PODFILE CHECKSUM: 7c81ad9b5ba6e12c315234c0bb094650a8a28db7

COCOAPODS: 1.9.1
