PODS:
  - AFNetworking (3.2.1):
    - AFNetworking/NSURLSession (= 3.2.1)
    - AFNetworking/Reachability (= 3.2.1)
    - AFNetworking/Security (= 3.2.1)
    - AFNetworking/Serialization (= 3.2.1)
    - AFNetworking/UIKit (= 3.2.1)
  - AFNetworking/NSURLSession (3.2.1):
    - AFNetworking/Reachability
    - AFNetworking/Security
    - AFNetworking/Serialization
  - AFNetworking/Reachability (3.2.1)
  - AFNetworking/Security (3.2.1)
  - AFNetworking/Serialization (3.2.1)
  - AFNetworking/UIKit (3.2.1):
    - AFNetworking/NSURLSession
  - AFOAuth2Manager (3.0.0):
    - AFNetworking/NSURLSession (~> 3.0)
  - AHKActionSheet (0.5.4)
  - APAddressBook (0.3.2):
    - APAddressBook/Core (= 0.3.2)
  - APAddressBook/Core (0.3.2)
  - BBBadgeBarButtonItem (1.2)
  - CYRTextView (0.4.0)
  - DAKeyboardControl (2.4.0)
  - DHSmartScreenshot (1.3.1)
  - DTCoreText (1.6.22):
    - DTCoreText/Core (= 1.6.22)
    - DTFoundation/Core (~> 1.7.5)
    - DTFoundation/DTAnimatedGIF (~> 1.7.5)
    - DTFoundation/DTHTMLParser (~> 1.7.5)
    - DTFoundation/UIKit (~> 1.7.5)
  - DTCoreText/Core (1.6.22):
    - DTFoundation/Core (~> 1.7.5)
    - DTFoundation/DTAnimatedGIF (~> 1.7.5)
    - DTFoundation/DTHTMLParser (~> 1.7.5)
    - DTFoundation/UIKit (~> 1.7.5)
  - DTFoundation/Core (1.7.13)
  - DTFoundation/DTAnimatedGIF (1.7.13)
  - DTFoundation/DTHTMLParser (1.7.13):
    - DTFoundation/Core
  - DTFoundation/UIKit (1.7.13):
    - DTFoundation/Core
  - FLEX (2.4.0)
  - FreeStreamer (3.5.7):
    - Reachability (~> 3.0)
  - HMSegmentedControl (1.5.2)
  - INTULocationManager (4.2.0)
  - IQAudioRecorderController (1.2.3):
    - SCSiriWaveformView
  - JDStatusBarNotification (1.6.0)
  - JSCoreBom (1.1.1)
  - libPhoneNumber-iOS (0.9.15)
  - MBProgressHUD (1.1.0)
  - NSGIF (1.2.4)
  - NSHash (1.2.0)
  - OMGHTTPURLRQ/UserAgent (3.1.2)
  - PHFComposeBarView (2.0.2):
    - PHFDelegateChain (~> 1.0)
  - PHFDelegateChain (1.0.1)
  - Reachability (3.2)
  - REMenu (1.10)
  - RMActionController (1.0.5)
  - RMDateSelectionViewController (2.0.3):
    - RMActionController (~> 1.0.5)
  - SBJson (5.0.0)
  - SCSiriWaveformView (1.1.1)
  - SDWebImage (3.8.1):
    - SDWebImage/Core (= 3.8.1)
  - SDWebImage/Core (3.8.1)
  - SocketRocket (0.5.1)
  - SWFrameButton (1.2.2)
  - SWTableViewCell (0.3.7)
  - SZTextView (1.2.2)
  - TDOAuth (1.1.2):
    - OMGHTTPURLRQ/UserAgent
  - TTTAttributedLabel (2.0.0)
  - TWMessageBarManager (1.8.1)
  - UICKeyChainStore (2.1.2)

DEPENDENCIES:
  - AFNetworking
  - AFOAuth2Manager
  - AHKActionSheet
  - APAddressBook
  - BBBadgeBarButtonItem
  - CYRTextView
  - DAKeyboardControl
  - DHSmartScreenshot
  - DTCoreText
  - FLEX (~> 2.0)
  - FreeStreamer (from `https://github.com/muhku/FreeStreamer.git`)
  - HMSegmentedControl
  - INTULocationManager
  - IQAudioRecorderController
  - JDStatusBarNotification
  - JSCoreBom (~> 1.1.1)
  - libPhoneNumber-iOS
  - MBProgressHUD (~> 1.0)
  - NSGIF (~> 1.0)
  - NSHash
  - PHFComposeBarView
  - REMenu
  - RMDateSelectionViewController
  - SBJson (~> 5.0.0)
  - SDWebImage (from `https://github.com/rs/SDWebImage.git`, tag `3.8.1`)
  - SocketRocket
  - SWFrameButton
  - SWTableViewCell (from `https://github.com/gliechtenstein/SWTableViewCell.git`)
  - SZTextView
  - TDOAuth
  - TTTAttributedLabel
  - TWMessageBarManager
  - UICKeyChainStore

SPEC REPOS:
  https://github.com/cocoapods/specs.git:
    - AFNetworking
    - AFOAuth2Manager
    - AHKActionSheet
    - APAddressBook
    - BBBadgeBarButtonItem
    - CYRTextView
    - DAKeyboardControl
    - DHSmartScreenshot
    - DTCoreText
    - DTFoundation
    - FLEX
    - HMSegmentedControl
    - INTULocationManager
    - IQAudioRecorderController
    - JDStatusBarNotification
    - JSCoreBom
    - libPhoneNumber-iOS
    - MBProgressHUD
    - NSGIF
    - NSHash
    - OMGHTTPURLRQ
    - PHFComposeBarView
    - PHFDelegateChain
    - Reachability
    - REMenu
    - RMActionController
    - RMDateSelectionViewController
    - SBJson
    - SCSiriWaveformView
    - SocketRocket
    - SWFrameButton
    - SZTextView
    - TDOAuth
    - TTTAttributedLabel
    - TWMessageBarManager
    - UICKeyChainStore

EXTERNAL SOURCES:
  FreeStreamer:
    :git: https://github.com/muhku/FreeStreamer.git
  SDWebImage:
    :git: https://github.com/rs/SDWebImage.git
    :tag: 3.8.1
  SWTableViewCell:
    :git: https://github.com/gliechtenstein/SWTableViewCell.git

CHECKOUT OPTIONS:
  FreeStreamer:
    :commit: 18e1b610169a91d2f46299fdc68d9e84c8209e10
    :git: https://github.com/muhku/FreeStreamer.git
  SDWebImage:
    :git: https://github.com/rs/SDWebImage.git
    :tag: 3.8.1
  SWTableViewCell:
    :commit: 1c8845e25f520c959391bd79dc6cf271e0cf9a44
    :git: https://github.com/gliechtenstein/SWTableViewCell.git

SPEC CHECKSUMS:
  AFNetworking: b6f891fdfaed196b46c7a83cf209e09697b94057
  AFOAuth2Manager: 0566da1be64883e339813d411229fdc9a84dab7c
  AHKActionSheet: f0b312b5c689f72924d231c39dae140ecd5c1d46
  APAddressBook: e68ecaf95f2c323b625ae585a0d25fe505291286
  BBBadgeBarButtonItem: c2fbca0bff18e21b70defc9438a8a5048008e7ca
  CYRTextView: 1c1a4d708eee54ecad66b8ad42dbfe73083bdfce
  DAKeyboardControl: 9d9bca22a5cc3c1d3cc61e24fbd208c3e84a3d2d
  DHSmartScreenshot: ee749048bd7126c4826748f98df3a4adc6ad6c78
  DTCoreText: ad5135357a0e792f735970ed67d3ecda8b602d3d
  DTFoundation: f03be9fd786f11e505bb8fc44e2a3732bf0917df
  FLEX: bd1a39e55b56bb413b6f1b34b3c10a0dc44ef079
  FreeStreamer: c11b83e4e4010c00d1e1549a37d6719e98252c45
  HMSegmentedControl: 83b9686022d2176fb6457d2bdb61e5d6393fed7d
  INTULocationManager: 73f8254b3d05c897c56bb13c190e5b7c648c0998
  IQAudioRecorderController: 69a67c2e0b87bd8746cbb4de175fd7a0bf820009
  JDStatusBarNotification: 21b616e7432284fea6eb0ce9eadc37c8038a5544
  JSCoreBom: 712590b897ecd74d9fa9cb0f16857491411c932b
  libPhoneNumber-iOS: 0a32a9525cf8744fe02c5206eb30d571e38f7d75
  MBProgressHUD: e7baa36a220447d8aeb12769bf0585582f3866d9
  NSGIF: 442808fd1667ebac3d09046c3f6d4bdd6720cded
  NSHash: 036c03781d372c288d332b512b203e7bb832e46e
  OMGHTTPURLRQ: 38316b56d88125c600bcdb16df8329147da2b0ee
  PHFComposeBarView: 758c73ce54be681df97223bc61543dd8828ae0d3
  PHFDelegateChain: 491f9cd8a3fb8761f390ff05f74a0e168d48d285
  Reachability: 33e18b67625424e47b6cde6d202dce689ad7af96
  REMenu: 30dad195930adf6c5eeb8041e3257aa60bf9fa49
  RMActionController: b83653e7452ed51492094d65dc82151c36443c03
  RMDateSelectionViewController: 354a0f1fe40bac01054528b7a8735f2973bbd813
  SBJson: 73c848dc34be51fda282fab12bda6c426f5ead08
  SCSiriWaveformView: 15b9dd6f94c7536e2032b34a35c6ff74d38c7411
  SDWebImage: 35f9627a3e44b4f292a8a8ce6a531fa488239b91
  SocketRocket: d57c7159b83c3c6655745cd15302aa24b6bae531
  SWFrameButton: cd3cc4a8961e8975f4800c0f6d1d3c54c213eb87
  SWTableViewCell: 2a94aadc9d47b2b611fa064566bf57948b95b579
  SZTextView: 3a81174dce0710a9ab069bc73a813e6df53b9c82
  TDOAuth: f7e356e834295b83c7b5066ee72a30f128c5f722
  TTTAttributedLabel: 8cffe8e127e4e82ff3af1e5386d4cd0ad000b656
  TWMessageBarManager: fd84e7948ba7968a2b5d9454859135761214ec56
  UICKeyChainStore: 85db518bb1d294366d15ec9b92a416c4e670518f

PODFILE CHECKSUM: cc9d5915131bb1914673ec7a2df3c02b502352fc

COCOAPODS: 1.5.3
